// !$*UTF8*$!
{
	archiveVersion = 1;
	classes = {
	};
	objectVersion = 46;
	objects = {

/* Begin PBXAggregateTarget section */
		"Optile::OptilePackageTests::ProductTarget" /* OptilePackageTests */ = {
			isa = PBXAggregateTarget;
			buildConfigurationList = OBJ_257 /* Build configuration list for PBXAggregateTarget "OptilePackageTests" */;
			buildPhases = (
			);
			dependencies = (
				OBJ_260 /* PBXTargetDependency */,
			);
			name = OptilePackageTests;
			productName = OptilePackageTests;
		};
/* End PBXAggregateTarget section */

/* Begin PBXBuildFile section */
		D9A729C523DE225500CEABE0 /* LocalTranslation.swift in Sources */ = {isa = PBXBuildFile; fileRef = D9A7294323DE225500CEABE0 /* LocalTranslation.swift */; };
		D9A729C623DE225500CEABE0 /* TranslationProvider.swift in Sources */ = {isa = PBXBuildFile; fileRef = D9A7294523DE225500CEABE0 /* TranslationProvider.swift */; };
		D9A729C723DE225500CEABE0 /* CombinedTranslationProvider.swift in Sources */ = {isa = PBXBuildFile; fileRef = D9A7294623DE225500CEABE0 /* CombinedTranslationProvider.swift */; };
		D9A729C823DE225500CEABE0 /* SharedTranslationProvider.swift in Sources */ = {isa = PBXBuildFile; fileRef = D9A7294723DE225500CEABE0 /* SharedTranslationProvider.swift */; };
		D9A729C923DE225500CEABE0 /* Input.Field.Transformer.swift in Sources */ = {isa = PBXBuildFile; fileRef = D9A7294C23DE225500CEABE0 /* Input.Field.Transformer.swift */; };
		D9A729CA23DE225500CEABE0 /* Input.Field.AccountNumber.swift in Sources */ = {isa = PBXBuildFile; fileRef = D9A7294E23DE225500CEABE0 /* Input.Field.AccountNumber.swift */; };
		D9A729CB23DE225500CEABE0 /* Input.Field.ExpiryMonth.swift in Sources */ = {isa = PBXBuildFile; fileRef = D9A7294F23DE225500CEABE0 /* Input.Field.ExpiryMonth.swift */; };
		D9A729CC23DE225500CEABE0 /* Input.Field.IBAN.swift in Sources */ = {isa = PBXBuildFile; fileRef = D9A7295023DE225500CEABE0 /* Input.Field.IBAN.swift */; };
		D9A729CD23DE225500CEABE0 /* Input.Field.HolderName.swift in Sources */ = {isa = PBXBuildFile; fileRef = D9A7295123DE225500CEABE0 /* Input.Field.HolderName.swift */; };
		D9A729CE23DE225500CEABE0 /* Input.Field.Generic.swift in Sources */ = {isa = PBXBuildFile; fileRef = D9A7295223DE225500CEABE0 /* Input.Field.Generic.swift */; };
		D9A729CF23DE225500CEABE0 /* Input.Field.ExpiryYear.swift in Sources */ = {isa = PBXBuildFile; fileRef = D9A7295323DE225500CEABE0 /* Input.Field.ExpiryYear.swift */; };
		D9A729D023DE225500CEABE0 /* Input.Field.VerificationCode.swift in Sources */ = {isa = PBXBuildFile; fileRef = D9A7295423DE225500CEABE0 /* Input.Field.VerificationCode.swift */; };
		D9A729D123DE225500CEABE0 /* Input.Field.swift in Sources */ = {isa = PBXBuildFile; fileRef = D9A7295523DE225500CEABE0 /* Input.Field.swift */; };
		D9A729D223DE225500CEABE0 /* Input.Field.Validation.IBAN.swift in Sources */ = {isa = PBXBuildFile; fileRef = D9A7295723DE225500CEABE0 /* Input.Field.Validation.IBAN.swift */; };
		D9A729D323DE225500CEABE0 /* Input.Field.Validation.ExpiryDate.swift in Sources */ = {isa = PBXBuildFile; fileRef = D9A7295823DE225500CEABE0 /* Input.Field.Validation.ExpiryDate.swift */; };
		D9A729D423DE225500CEABE0 /* Input.Field.Validation.Luhn.swift in Sources */ = {isa = PBXBuildFile; fileRef = D9A7295923DE225500CEABE0 /* Input.Field.Validation.Luhn.swift */; };
		D9A729D523DE225500CEABE0 /* Input.Field.Validation.swift in Sources */ = {isa = PBXBuildFile; fileRef = D9A7295A23DE225500CEABE0 /* Input.Field.Validation.swift */; };
		D9A729D623DE225500CEABE0 /* Input.SmartSwitch.swift in Sources */ = {isa = PBXBuildFile; fileRef = D9A7295B23DE225500CEABE0 /* Input.SmartSwitch.swift */; };
		D9A729D723DE225500CEABE0 /* Input.swift in Sources */ = {isa = PBXBuildFile; fileRef = D9A7295C23DE225500CEABE0 /* Input.swift */; };
		D9A729D823DE225500CEABE0 /* Input.Table.Controller.swift in Sources */ = {isa = PBXBuildFile; fileRef = D9A7295E23DE225500CEABE0 /* Input.Table.Controller.swift */; };
		D9A729D923DE225500CEABE0 /* Input.Table.TextFieldViewCell.swift in Sources */ = {isa = PBXBuildFile; fileRef = D9A7295F23DE225500CEABE0 /* Input.Table.TextFieldViewCell.swift */; };
		D9A729DA23DE225500CEABE0 /* Input.Table.swift in Sources */ = {isa = PBXBuildFile; fileRef = D9A7296023DE225500CEABE0 /* Input.Table.swift */; };
		D9A729DB23DE225500CEABE0 /* Input.Network.swift in Sources */ = {isa = PBXBuildFile; fileRef = D9A7296223DE225500CEABE0 /* Input.Network.swift */; };
		D9A729DC23DE225500CEABE0 /* SelectInputField.swift in Sources */ = {isa = PBXBuildFile; fileRef = D9A7296423DE225500CEABE0 /* SelectInputField.swift */; };
		D9A729DD23DE225500CEABE0 /* DefinesKeyboardStyle.swift in Sources */ = {isa = PBXBuildFile; fileRef = D9A7296523DE225500CEABE0 /* DefinesKeyboardStyle.swift */; };
		D9A729DE23DE225500CEABE0 /* InputValueChangesListener.swift in Sources */ = {isa = PBXBuildFile; fileRef = D9A7296623DE225500CEABE0 /* InputValueChangesListener.swift */; };
		D9A729DF23DE225500CEABE0 /* InputField.swift in Sources */ = {isa = PBXBuildFile; fileRef = D9A7296723DE225500CEABE0 /* InputField.swift */; };
		D9A729E023DE225500CEABE0 /* Validatable.swift in Sources */ = {isa = PBXBuildFile; fileRef = D9A7296823DE225500CEABE0 /* Validatable.swift */; };
		D9A729E123DE225500CEABE0 /* CellRepresentable.swift in Sources */ = {isa = PBXBuildFile; fileRef = D9A7296923DE225500CEABE0 /* CellRepresentable.swift */; };
		D9A729E223DE225500CEABE0 /* InputCellDelegate.swift in Sources */ = {isa = PBXBuildFile; fileRef = D9A7296A23DE225500CEABE0 /* InputCellDelegate.swift */; };
		D9A729E323DE225500CEABE0 /* Selectable.swift in Sources */ = {isa = PBXBuildFile; fileRef = D9A7296B23DE225500CEABE0 /* Selectable.swift */; };
		D9A729E423DE225500CEABE0 /* TextInputField.swift in Sources */ = {isa = PBXBuildFile; fileRef = D9A7296C23DE225500CEABE0 /* TextInputField.swift */; };
		D9A729E523DE225500CEABE0 /* Input.ViewController.swift in Sources */ = {isa = PBXBuildFile; fileRef = D9A7296D23DE225500CEABE0 /* Input.ViewController.swift */; };
		D9A729E623DE225500CEABE0 /* List.ViewController.swift in Sources */ = {isa = PBXBuildFile; fileRef = D9A7296F23DE225500CEABE0 /* List.ViewController.swift */; };
		D9A729E723DE225500CEABE0 /* List.swift in Sources */ = {isa = PBXBuildFile; fileRef = D9A7297023DE225500CEABE0 /* List.swift */; };
		D9A729E823DE225500CEABE0 /* List.Table.SingleLabelCell.swift in Sources */ = {isa = PBXBuildFile; fileRef = D9A7297323DE225500CEABE0 /* List.Table.SingleLabelCell.swift */; };
		D9A729E923DE225500CEABE0 /* List.Table.BorderedCell.swift in Sources */ = {isa = PBXBuildFile; fileRef = D9A7297423DE225500CEABE0 /* List.Table.BorderedCell.swift */; };
		D9A729EA23DE225500CEABE0 /* List.Table.DetailedLabelCell.swift in Sources */ = {isa = PBXBuildFile; fileRef = D9A7297523DE225500CEABE0 /* List.Table.DetailedLabelCell.swift */; };
		D9A729EB23DE225500CEABE0 /* List.Table.swift in Sources */ = {isa = PBXBuildFile; fileRef = D9A7297623DE225500CEABE0 /* List.Table.swift */; };
		D9A729EC23DE225500CEABE0 /* List.Table.DataSource.swift in Sources */ = {isa = PBXBuildFile; fileRef = D9A7297723DE225500CEABE0 /* List.Table.DataSource.swift */; };
		D9A729ED23DE225500CEABE0 /* List.Table.GroupingService.swift in Sources */ = {isa = PBXBuildFile; fileRef = D9A7297823DE225500CEABE0 /* List.Table.GroupingService.swift */; };
		D9A729EE23DE225500CEABE0 /* List.Table.Controller.swift in Sources */ = {isa = PBXBuildFile; fileRef = D9A7297923DE225500CEABE0 /* List.Table.Controller.swift */; };
		D9A729EF23DE225500CEABE0 /* List.Table.SectionHeader.swift in Sources */ = {isa = PBXBuildFile; fileRef = D9A7297B23DE225500CEABE0 /* List.Table.SectionHeader.swift */; };
		D9A729F023DE225500CEABE0 /* List.Table.TableView.swift in Sources */ = {isa = PBXBuildFile; fileRef = D9A7297C23DE225500CEABE0 /* List.Table.TableView.swift */; };
		D9A729F123DE225500CEABE0 /* List.ImageStackView.swift in Sources */ = {isa = PBXBuildFile; fileRef = D9A7297D23DE225500CEABE0 /* List.ImageStackView.swift */; };
		D9A729F223DE225500CEABE0 /* String+removeCharacters.swift in Sources */ = {isa = PBXBuildFile; fileRef = D9A7297F23DE225500CEABE0 /* String+removeCharacters.swift */; };
		D9A729F323DE225500CEABE0 /* mergeClosures.swift in Sources */ = {isa = PBXBuildFile; fileRef = D9A7298123DE225500CEABE0 /* mergeClosures.swift */; };
		D9A729F423DE225500CEABE0 /* Error+isNetworkError.swift in Sources */ = {isa = PBXBuildFile; fileRef = D9A7298223DE225500CEABE0 /* Error+isNetworkError.swift */; };
		D9A729F523DE225500CEABE0 /* UIColor+.swift in Sources */ = {isa = PBXBuildFile; fileRef = D9A7298423DE225500CEABE0 /* UIColor+.swift */; };
		D9A729F623DE225500CEABE0 /* PaymentListParameters.swift in Sources */ = {isa = PBXBuildFile; fileRef = D9A7298523DE225500CEABE0 /* PaymentListParameters.swift */; };
		D9A729F723DE225500CEABE0 /* PaymentNetwork.swift in Sources */ = {isa = PBXBuildFile; fileRef = D9A7298723DE225500CEABE0 /* PaymentNetwork.swift */; };
		D9A729F823DE225500CEABE0 /* PaymentError.swift in Sources */ = {isa = PBXBuildFile; fileRef = D9A7298823DE225500CEABE0 /* PaymentError.swift */; };
		D9A729F923DE225500CEABE0 /* PaymentSession.swift in Sources */ = {isa = PBXBuildFile; fileRef = D9A7298923DE225500CEABE0 /* PaymentSession.swift */; };
		D9A729FA23DE225500CEABE0 /* PaymentSessionProvider.swift in Sources */ = {isa = PBXBuildFile; fileRef = D9A7298C23DE225500CEABE0 /* PaymentSessionProvider.swift */; };
		D9A729FB23DE225500CEABE0 /* DownloadTranslationOperation.swift in Sources */ = {isa = PBXBuildFile; fileRef = D9A7298D23DE225500CEABE0 /* DownloadTranslationOperation.swift */; };
		D9A729FC23DE225500CEABE0 /* PaymentSessionService.swift in Sources */ = {isa = PBXBuildFile; fileRef = D9A7298E23DE225500CEABE0 /* PaymentSessionService.swift */; };
		D9A729FD23DE225500CEABE0 /* DataDownloadProvider.swift in Sources */ = {isa = PBXBuildFile; fileRef = D9A7298F23DE225500CEABE0 /* DataDownloadProvider.swift */; };
		D9A729FE23DE225500CEABE0 /* DequeueableTableCell.swift in Sources */ = {isa = PBXBuildFile; fileRef = D9A7299123DE225500CEABE0 /* DequeueableTableCell.swift */; };
		D9A729FF23DE225500CEABE0 /* KeyboardChangeFrameObserver.swift in Sources */ = {isa = PBXBuildFile; fileRef = D9A7299223DE225500CEABE0 /* KeyboardChangeFrameObserver.swift */; };
		D9A72A0023DE225500CEABE0 /* Redirect.swift in Sources */ = {isa = PBXBuildFile; fileRef = D9A7299423DE225500CEABE0 /* Redirect.swift */; };
		D9A72A0123DE225500CEABE0 /* PaymentAmount.swift in Sources */ = {isa = PBXBuildFile; fileRef = D9A7299523DE225500CEABE0 /* PaymentAmount.swift */; };
		D9A72A0223DE225500CEABE0 /* ApplicableNetwork.swift in Sources */ = {isa = PBXBuildFile; fileRef = D9A7299623DE225500CEABE0 /* ApplicableNetwork.swift */; };
		D9A72A0323DE225500CEABE0 /* PresetAccount.swift in Sources */ = {isa = PBXBuildFile; fileRef = D9A7299723DE225500CEABE0 /* PresetAccount.swift */; };
		D9A72A0423DE225500CEABE0 /* ListResult.swift in Sources */ = {isa = PBXBuildFile; fileRef = D9A7299823DE225500CEABE0 /* ListResult.swift */; };
		D9A72A0523DE225500CEABE0 /* InstallmentsPlan.swift in Sources */ = {isa = PBXBuildFile; fileRef = D9A7299923DE225500CEABE0 /* InstallmentsPlan.swift */; };
		D9A72A0623DE225500CEABE0 /* Parameter.swift in Sources */ = {isa = PBXBuildFile; fileRef = D9A7299A23DE225500CEABE0 /* Parameter.swift */; };
		D9A72A0723DE225500CEABE0 /* InstallmentItem.swift in Sources */ = {isa = PBXBuildFile; fileRef = D9A7299B23DE225500CEABE0 /* InstallmentItem.swift */; };
		D9A72A0823DE225500CEABE0 /* AccountMask.swift in Sources */ = {isa = PBXBuildFile; fileRef = D9A7299C23DE225500CEABE0 /* AccountMask.swift */; };
		D9A72A0923DE225500CEABE0 /* .swiftlint.yml in Resources */ = {isa = PBXBuildFile; fileRef = D9A7299D23DE225500CEABE0 /* .swiftlint.yml */; };
		D9A72A0A23DE225500CEABE0 /* Installments.swift in Sources */ = {isa = PBXBuildFile; fileRef = D9A7299E23DE225500CEABE0 /* Installments.swift */; };
		D9A72A0B23DE225500CEABE0 /* CustomerFormData.swift in Sources */ = {isa = PBXBuildFile; fileRef = D9A7299F23DE225500CEABE0 /* CustomerFormData.swift */; };
		D9A72A0C23DE225500CEABE0 /* ExtraElements.swift in Sources */ = {isa = PBXBuildFile; fileRef = D9A729A023DE225500CEABE0 /* ExtraElements.swift */; };
		D9A72A0D23DE225500CEABE0 /* Interaction.swift in Sources */ = {isa = PBXBuildFile; fileRef = D9A729A123DE225500CEABE0 /* Interaction.swift */; };
		D9A72A0E23DE225500CEABE0 /* ExtraElement.swift in Sources */ = {isa = PBXBuildFile; fileRef = D9A729A223DE225500CEABE0 /* ExtraElement.swift */; };
		D9A72A0F23DE225500CEABE0 /* FormData.swift in Sources */ = {isa = PBXBuildFile; fileRef = D9A729A323DE225500CEABE0 /* FormData.swift */; };
		D9A72A1023DE225500CEABE0 /* ErrorInfo.swift in Sources */ = {isa = PBXBuildFile; fileRef = D9A729A423DE225500CEABE0 /* ErrorInfo.swift */; };
		D9A72A1123DE225500CEABE0 /* Style.swift in Sources */ = {isa = PBXBuildFile; fileRef = D9A729A523DE225500CEABE0 /* Style.swift */; };
		D9A72A1223DE225500CEABE0 /* Checkbox.swift in Sources */ = {isa = PBXBuildFile; fileRef = D9A729A623DE225500CEABE0 /* Checkbox.swift */; };
		D9A72A1323DE225500CEABE0 /* InputElement.swift in Sources */ = {isa = PBXBuildFile; fileRef = D9A729A723DE225500CEABE0 /* InputElement.swift */; };
		D9A72A1423DE225500CEABE0 /* Networks.swift in Sources */ = {isa = PBXBuildFile; fileRef = D9A729A823DE225500CEABE0 /* Networks.swift */; };
		D9A72A1523DE225500CEABE0 /* SelectOption.swift in Sources */ = {isa = PBXBuildFile; fileRef = D9A729A923DE225500CEABE0 /* SelectOption.swift */; };
		D9A72A1623DE225500CEABE0 /* AccountRegistration.swift in Sources */ = {isa = PBXBuildFile; fileRef = D9A729AA23DE225500CEABE0 /* AccountRegistration.swift */; };
		D9A72A1723DE225500CEABE0 /* AccountFormData.swift in Sources */ = {isa = PBXBuildFile; fileRef = D9A729AB23DE225500CEABE0 /* AccountFormData.swift */; };
		D9A72A1823DE225500CEABE0 /* RawProvider.swift in Sources */ = {isa = PBXBuildFile; fileRef = D9A729AD23DE225500CEABE0 /* RawProvider.swift */; };
		D9A72A1923DE225500CEABE0 /* validations-default.json.swift in Sources */ = {isa = PBXBuildFile; fileRef = D9A729AE23DE225500CEABE0 /* validations-default.json.swift */; };
		D9A72A1A23DE225500CEABE0 /* AssetProvider.swift in Sources */ = {isa = PBXBuildFile; fileRef = D9A729AF23DE225500CEABE0 /* AssetProvider.swift */; };
		D9A72A1B23DE225500CEABE0 /* validations.json.swift in Sources */ = {isa = PBXBuildFile; fileRef = D9A729B023DE225500CEABE0 /* validations.json.swift */; };
		D9A72A1C23DE225500CEABE0 /* AsynchronousOperation.swift in Sources */ = {isa = PBXBuildFile; fileRef = D9A729B323DE225500CEABE0 /* AsynchronousOperation.swift */; };
		D9A72A1D23DE225500CEABE0 /* SendRequestOperation.swift in Sources */ = {isa = PBXBuildFile; fileRef = D9A729B423DE225500CEABE0 /* SendRequestOperation.swift */; };
		D9A72A1E23DE225500CEABE0 /* HTTPMethod.swift in Sources */ = {isa = PBXBuildFile; fileRef = D9A729B523DE225500CEABE0 /* HTTPMethod.swift */; };
		D9A72A1F23DE225500CEABE0 /* GetListResult.swift in Sources */ = {isa = PBXBuildFile; fileRef = D9A729B723DE225500CEABE0 /* GetListResult.swift */; };
		D9A72A2023DE225500CEABE0 /* DownloadLocalization.swift in Sources */ = {isa = PBXBuildFile; fileRef = D9A729B823DE225500CEABE0 /* DownloadLocalization.swift */; };
		D9A72A2123DE225500CEABE0 /* DownloadData.swift in Sources */ = {isa = PBXBuildFile; fileRef = D9A729B923DE225500CEABE0 /* DownloadData.swift */; };
		D9A72A2223DE225500CEABE0 /* URLSessionConnection.swift in Sources */ = {isa = PBXBuildFile; fileRef = D9A729BA23DE225500CEABE0 /* URLSessionConnection.swift */; };
		D9A72A2323DE225500CEABE0 /* Connection.swift in Sources */ = {isa = PBXBuildFile; fileRef = D9A729BC23DE225500CEABE0 /* Connection.swift */; };
		D9A72A2423DE225500CEABE0 /* GetRequest.swift in Sources */ = {isa = PBXBuildFile; fileRef = D9A729BD23DE225500CEABE0 /* GetRequest.swift */; };
		D9A72A2523DE225500CEABE0 /* Request.swift in Sources */ = {isa = PBXBuildFile; fileRef = D9A729BE23DE225500CEABE0 /* Request.swift */; };
		D9A72A2623DE225500CEABE0 /* log.swift in Sources */ = {isa = PBXBuildFile; fileRef = D9A729C023DE225500CEABE0 /* log.swift */; };
		D9A72A2723DE225500CEABE0 /* InternalError.swift in Sources */ = {isa = PBXBuildFile; fileRef = D9A729C123DE225500CEABE0 /* InternalError.swift */; };
		D9A72A2823DE225500CEABE0 /* Media.xcassets in Resources */ = {isa = PBXBuildFile; fileRef = D9A729C323DE225500CEABE0 /* Media.xcassets */; };
		D9A72A2923DE225500CEABE0 /* groups.json in Resources */ = {isa = PBXBuildFile; fileRef = D9A729C423DE225500CEABE0 /* groups.json */; };
		OBJ_266 /* URL+Example.swift in Sources */ = {isa = PBXBuildFile; fileRef = OBJ_127 /* URL+Example.swift */; };
		OBJ_267 /* XCTAttachment+subject.swift in Sources */ = {isa = PBXBuildFile; fileRef = OBJ_128 /* XCTAttachment+subject.swift */; };
		OBJ_268 /* XCTFail+Error.swift in Sources */ = {isa = PBXBuildFile; fileRef = OBJ_129 /* XCTFail+Error.swift */; };
		OBJ_269 /* SharedTranslationProviderTests.swift in Sources */ = {isa = PBXBuildFile; fileRef = OBJ_131 /* SharedTranslationProviderTests.swift */; };
		OBJ_270 /* MockFactory.ListResult.swift in Sources */ = {isa = PBXBuildFile; fileRef = OBJ_134 /* MockFactory.ListResult.swift */; };
		OBJ_271 /* MockFactory.Localization.swift in Sources */ = {isa = PBXBuildFile; fileRef = OBJ_135 /* MockFactory.Localization.swift */; };
		OBJ_272 /* MockFactory.swift in Sources */ = {isa = PBXBuildFile; fileRef = OBJ_136 /* MockFactory.swift */; };
		OBJ_273 /* MockConnection.swift in Sources */ = {isa = PBXBuildFile; fileRef = OBJ_137 /* MockConnection.swift */; };
		OBJ_274 /* MockDataSource.swift in Sources */ = {isa = PBXBuildFile; fileRef = OBJ_138 /* MockDataSource.swift */; };
		OBJ_275 /* TestError.swift in Sources */ = {isa = PBXBuildFile; fileRef = OBJ_139 /* TestError.swift */; };
		OBJ_276 /* NetworkTests.swift in Sources */ = {isa = PBXBuildFile; fileRef = OBJ_141 /* NetworkTests.swift */; };
		OBJ_277 /* XCTestManifests.swift in Sources */ = {isa = PBXBuildFile; fileRef = OBJ_142 /* XCTestManifests.swift */; };
		OBJ_278 /* DataDownloadProviderTests.swift in Sources */ = {isa = PBXBuildFile; fileRef = OBJ_146 /* DataDownloadProviderTests.swift */; };
		OBJ_279 /* PaymentSessionServiceTests.swift in Sources */ = {isa = PBXBuildFile; fileRef = OBJ_147 /* PaymentSessionServiceTests.swift */; };
		OBJ_281 /* Optile.framework in Frameworks */ = {isa = PBXBuildFile; fileRef = "Optile::Optile::Product" /* Optile.framework */; };
/* End PBXBuildFile section */

/* Begin PBXContainerItemProxy section */
		D967F71523C7BDC90001B778 /* PBXContainerItemProxy */ = {
			isa = PBXContainerItemProxy;
			containerPortal = OBJ_1 /* Project object */;
			proxyType = 1;
			remoteGlobalIDString = "Optile::Optile";
			remoteInfo = Optile;
		};
		D967F71623C7BDCB0001B778 /* PBXContainerItemProxy */ = {
			isa = PBXContainerItemProxy;
			containerPortal = OBJ_1 /* Project object */;
			proxyType = 1;
			remoteGlobalIDString = "Optile::Tests";
			remoteInfo = Tests;
		};
/* End PBXContainerItemProxy section */

/* Begin PBXFileReference section */
		D9A7294323DE225500CEABE0 /* LocalTranslation.swift */ = {isa = PBXFileReference; fileEncoding = 4; lastKnownFileType = sourcecode.swift; path = LocalTranslation.swift; sourceTree = "<group>"; };
		D9A7294523DE225500CEABE0 /* TranslationProvider.swift */ = {isa = PBXFileReference; fileEncoding = 4; lastKnownFileType = sourcecode.swift; path = TranslationProvider.swift; sourceTree = "<group>"; };
		D9A7294623DE225500CEABE0 /* CombinedTranslationProvider.swift */ = {isa = PBXFileReference; fileEncoding = 4; lastKnownFileType = sourcecode.swift; path = CombinedTranslationProvider.swift; sourceTree = "<group>"; };
		D9A7294723DE225500CEABE0 /* SharedTranslationProvider.swift */ = {isa = PBXFileReference; fileEncoding = 4; lastKnownFileType = sourcecode.swift; path = SharedTranslationProvider.swift; sourceTree = "<group>"; };
		D9A7294C23DE225500CEABE0 /* Input.Field.Transformer.swift */ = {isa = PBXFileReference; fileEncoding = 4; lastKnownFileType = sourcecode.swift; path = Input.Field.Transformer.swift; sourceTree = "<group>"; };
		D9A7294E23DE225500CEABE0 /* Input.Field.AccountNumber.swift */ = {isa = PBXFileReference; fileEncoding = 4; lastKnownFileType = sourcecode.swift; path = Input.Field.AccountNumber.swift; sourceTree = "<group>"; };
		D9A7294F23DE225500CEABE0 /* Input.Field.ExpiryMonth.swift */ = {isa = PBXFileReference; fileEncoding = 4; lastKnownFileType = sourcecode.swift; path = Input.Field.ExpiryMonth.swift; sourceTree = "<group>"; };
		D9A7295023DE225500CEABE0 /* Input.Field.IBAN.swift */ = {isa = PBXFileReference; fileEncoding = 4; lastKnownFileType = sourcecode.swift; path = Input.Field.IBAN.swift; sourceTree = "<group>"; };
		D9A7295123DE225500CEABE0 /* Input.Field.HolderName.swift */ = {isa = PBXFileReference; fileEncoding = 4; lastKnownFileType = sourcecode.swift; path = Input.Field.HolderName.swift; sourceTree = "<group>"; };
		D9A7295223DE225500CEABE0 /* Input.Field.Generic.swift */ = {isa = PBXFileReference; fileEncoding = 4; lastKnownFileType = sourcecode.swift; path = Input.Field.Generic.swift; sourceTree = "<group>"; };
		D9A7295323DE225500CEABE0 /* Input.Field.ExpiryYear.swift */ = {isa = PBXFileReference; fileEncoding = 4; lastKnownFileType = sourcecode.swift; path = Input.Field.ExpiryYear.swift; sourceTree = "<group>"; };
		D9A7295423DE225500CEABE0 /* Input.Field.VerificationCode.swift */ = {isa = PBXFileReference; fileEncoding = 4; lastKnownFileType = sourcecode.swift; path = Input.Field.VerificationCode.swift; sourceTree = "<group>"; };
		D9A7295523DE225500CEABE0 /* Input.Field.swift */ = {isa = PBXFileReference; fileEncoding = 4; lastKnownFileType = sourcecode.swift; path = Input.Field.swift; sourceTree = "<group>"; };
		D9A7295723DE225500CEABE0 /* Input.Field.Validation.IBAN.swift */ = {isa = PBXFileReference; fileEncoding = 4; lastKnownFileType = sourcecode.swift; path = Input.Field.Validation.IBAN.swift; sourceTree = "<group>"; };
		D9A7295823DE225500CEABE0 /* Input.Field.Validation.ExpiryDate.swift */ = {isa = PBXFileReference; fileEncoding = 4; lastKnownFileType = sourcecode.swift; path = Input.Field.Validation.ExpiryDate.swift; sourceTree = "<group>"; };
		D9A7295923DE225500CEABE0 /* Input.Field.Validation.Luhn.swift */ = {isa = PBXFileReference; fileEncoding = 4; lastKnownFileType = sourcecode.swift; path = Input.Field.Validation.Luhn.swift; sourceTree = "<group>"; };
		D9A7295A23DE225500CEABE0 /* Input.Field.Validation.swift */ = {isa = PBXFileReference; fileEncoding = 4; lastKnownFileType = sourcecode.swift; path = Input.Field.Validation.swift; sourceTree = "<group>"; };
		D9A7295B23DE225500CEABE0 /* Input.SmartSwitch.swift */ = {isa = PBXFileReference; fileEncoding = 4; lastKnownFileType = sourcecode.swift; path = Input.SmartSwitch.swift; sourceTree = "<group>"; };
		D9A7295C23DE225500CEABE0 /* Input.swift */ = {isa = PBXFileReference; fileEncoding = 4; lastKnownFileType = sourcecode.swift; path = Input.swift; sourceTree = "<group>"; };
		D9A7295E23DE225500CEABE0 /* Input.Table.Controller.swift */ = {isa = PBXFileReference; fileEncoding = 4; lastKnownFileType = sourcecode.swift; path = Input.Table.Controller.swift; sourceTree = "<group>"; };
		D9A7295F23DE225500CEABE0 /* Input.Table.TextFieldViewCell.swift */ = {isa = PBXFileReference; fileEncoding = 4; lastKnownFileType = sourcecode.swift; path = Input.Table.TextFieldViewCell.swift; sourceTree = "<group>"; };
		D9A7296023DE225500CEABE0 /* Input.Table.swift */ = {isa = PBXFileReference; fileEncoding = 4; lastKnownFileType = sourcecode.swift; path = Input.Table.swift; sourceTree = "<group>"; };
		D9A7296223DE225500CEABE0 /* Input.Network.swift */ = {isa = PBXFileReference; fileEncoding = 4; lastKnownFileType = sourcecode.swift; path = Input.Network.swift; sourceTree = "<group>"; };
		D9A7296423DE225500CEABE0 /* SelectInputField.swift */ = {isa = PBXFileReference; fileEncoding = 4; lastKnownFileType = sourcecode.swift; path = SelectInputField.swift; sourceTree = "<group>"; };
		D9A7296523DE225500CEABE0 /* DefinesKeyboardStyle.swift */ = {isa = PBXFileReference; fileEncoding = 4; lastKnownFileType = sourcecode.swift; path = DefinesKeyboardStyle.swift; sourceTree = "<group>"; };
		D9A7296623DE225500CEABE0 /* InputValueChangesListener.swift */ = {isa = PBXFileReference; fileEncoding = 4; lastKnownFileType = sourcecode.swift; path = InputValueChangesListener.swift; sourceTree = "<group>"; };
		D9A7296723DE225500CEABE0 /* InputField.swift */ = {isa = PBXFileReference; fileEncoding = 4; lastKnownFileType = sourcecode.swift; path = InputField.swift; sourceTree = "<group>"; };
		D9A7296823DE225500CEABE0 /* Validatable.swift */ = {isa = PBXFileReference; fileEncoding = 4; lastKnownFileType = sourcecode.swift; path = Validatable.swift; sourceTree = "<group>"; };
		D9A7296923DE225500CEABE0 /* CellRepresentable.swift */ = {isa = PBXFileReference; fileEncoding = 4; lastKnownFileType = sourcecode.swift; path = CellRepresentable.swift; sourceTree = "<group>"; };
		D9A7296A23DE225500CEABE0 /* InputCellDelegate.swift */ = {isa = PBXFileReference; fileEncoding = 4; lastKnownFileType = sourcecode.swift; path = InputCellDelegate.swift; sourceTree = "<group>"; };
		D9A7296B23DE225500CEABE0 /* Selectable.swift */ = {isa = PBXFileReference; fileEncoding = 4; lastKnownFileType = sourcecode.swift; path = Selectable.swift; sourceTree = "<group>"; };
		D9A7296C23DE225500CEABE0 /* TextInputField.swift */ = {isa = PBXFileReference; fileEncoding = 4; lastKnownFileType = sourcecode.swift; path = TextInputField.swift; sourceTree = "<group>"; };
		D9A7296D23DE225500CEABE0 /* Input.ViewController.swift */ = {isa = PBXFileReference; fileEncoding = 4; lastKnownFileType = sourcecode.swift; path = Input.ViewController.swift; sourceTree = "<group>"; };
		D9A7296F23DE225500CEABE0 /* List.ViewController.swift */ = {isa = PBXFileReference; fileEncoding = 4; lastKnownFileType = sourcecode.swift; path = List.ViewController.swift; sourceTree = "<group>"; };
		D9A7297023DE225500CEABE0 /* List.swift */ = {isa = PBXFileReference; fileEncoding = 4; lastKnownFileType = sourcecode.swift; path = List.swift; sourceTree = "<group>"; };
		D9A7297323DE225500CEABE0 /* List.Table.SingleLabelCell.swift */ = {isa = PBXFileReference; fileEncoding = 4; lastKnownFileType = sourcecode.swift; path = List.Table.SingleLabelCell.swift; sourceTree = "<group>"; };
		D9A7297423DE225500CEABE0 /* List.Table.BorderedCell.swift */ = {isa = PBXFileReference; fileEncoding = 4; lastKnownFileType = sourcecode.swift; path = List.Table.BorderedCell.swift; sourceTree = "<group>"; };
		D9A7297523DE225500CEABE0 /* List.Table.DetailedLabelCell.swift */ = {isa = PBXFileReference; fileEncoding = 4; lastKnownFileType = sourcecode.swift; path = List.Table.DetailedLabelCell.swift; sourceTree = "<group>"; };
		D9A7297623DE225500CEABE0 /* List.Table.swift */ = {isa = PBXFileReference; fileEncoding = 4; lastKnownFileType = sourcecode.swift; path = List.Table.swift; sourceTree = "<group>"; };
		D9A7297723DE225500CEABE0 /* List.Table.DataSource.swift */ = {isa = PBXFileReference; fileEncoding = 4; lastKnownFileType = sourcecode.swift; path = List.Table.DataSource.swift; sourceTree = "<group>"; };
		D9A7297823DE225500CEABE0 /* List.Table.GroupingService.swift */ = {isa = PBXFileReference; fileEncoding = 4; lastKnownFileType = sourcecode.swift; path = List.Table.GroupingService.swift; sourceTree = "<group>"; };
		D9A7297923DE225500CEABE0 /* List.Table.Controller.swift */ = {isa = PBXFileReference; fileEncoding = 4; lastKnownFileType = sourcecode.swift; path = List.Table.Controller.swift; sourceTree = "<group>"; };
		D9A7297B23DE225500CEABE0 /* List.Table.SectionHeader.swift */ = {isa = PBXFileReference; fileEncoding = 4; lastKnownFileType = sourcecode.swift; path = List.Table.SectionHeader.swift; sourceTree = "<group>"; };
		D9A7297C23DE225500CEABE0 /* List.Table.TableView.swift */ = {isa = PBXFileReference; fileEncoding = 4; lastKnownFileType = sourcecode.swift; path = List.Table.TableView.swift; sourceTree = "<group>"; };
		D9A7297D23DE225500CEABE0 /* List.ImageStackView.swift */ = {isa = PBXFileReference; fileEncoding = 4; lastKnownFileType = sourcecode.swift; path = List.ImageStackView.swift; sourceTree = "<group>"; };
		D9A7297F23DE225500CEABE0 /* String+removeCharacters.swift */ = {isa = PBXFileReference; fileEncoding = 4; lastKnownFileType = sourcecode.swift; path = "String+removeCharacters.swift"; sourceTree = "<group>"; };
		D9A7298123DE225500CEABE0 /* mergeClosures.swift */ = {isa = PBXFileReference; fileEncoding = 4; lastKnownFileType = sourcecode.swift; path = mergeClosures.swift; sourceTree = "<group>"; };
		D9A7298223DE225500CEABE0 /* Error+isNetworkError.swift */ = {isa = PBXFileReference; fileEncoding = 4; lastKnownFileType = sourcecode.swift; path = "Error+isNetworkError.swift"; sourceTree = "<group>"; };
		D9A7298423DE225500CEABE0 /* UIColor+.swift */ = {isa = PBXFileReference; fileEncoding = 4; lastKnownFileType = sourcecode.swift; path = "UIColor+.swift"; sourceTree = "<group>"; };
		D9A7298523DE225500CEABE0 /* PaymentListParameters.swift */ = {isa = PBXFileReference; fileEncoding = 4; lastKnownFileType = sourcecode.swift; path = PaymentListParameters.swift; sourceTree = "<group>"; };
		D9A7298723DE225500CEABE0 /* PaymentNetwork.swift */ = {isa = PBXFileReference; fileEncoding = 4; lastKnownFileType = sourcecode.swift; path = PaymentNetwork.swift; sourceTree = "<group>"; };
		D9A7298823DE225500CEABE0 /* PaymentError.swift */ = {isa = PBXFileReference; fileEncoding = 4; lastKnownFileType = sourcecode.swift; path = PaymentError.swift; sourceTree = "<group>"; };
		D9A7298923DE225500CEABE0 /* PaymentSession.swift */ = {isa = PBXFileReference; fileEncoding = 4; lastKnownFileType = sourcecode.swift; path = PaymentSession.swift; sourceTree = "<group>"; };
		D9A7298C23DE225500CEABE0 /* PaymentSessionProvider.swift */ = {isa = PBXFileReference; fileEncoding = 4; lastKnownFileType = sourcecode.swift; path = PaymentSessionProvider.swift; sourceTree = "<group>"; };
		D9A7298D23DE225500CEABE0 /* DownloadTranslationOperation.swift */ = {isa = PBXFileReference; fileEncoding = 4; lastKnownFileType = sourcecode.swift; path = DownloadTranslationOperation.swift; sourceTree = "<group>"; };
		D9A7298E23DE225500CEABE0 /* PaymentSessionService.swift */ = {isa = PBXFileReference; fileEncoding = 4; lastKnownFileType = sourcecode.swift; path = PaymentSessionService.swift; sourceTree = "<group>"; };
		D9A7298F23DE225500CEABE0 /* DataDownloadProvider.swift */ = {isa = PBXFileReference; fileEncoding = 4; lastKnownFileType = sourcecode.swift; path = DataDownloadProvider.swift; sourceTree = "<group>"; };
		D9A7299123DE225500CEABE0 /* DequeueableTableCell.swift */ = {isa = PBXFileReference; fileEncoding = 4; lastKnownFileType = sourcecode.swift; path = DequeueableTableCell.swift; sourceTree = "<group>"; };
		D9A7299223DE225500CEABE0 /* KeyboardChangeFrameObserver.swift */ = {isa = PBXFileReference; fileEncoding = 4; lastKnownFileType = sourcecode.swift; path = KeyboardChangeFrameObserver.swift; sourceTree = "<group>"; };
		D9A7299423DE225500CEABE0 /* Redirect.swift */ = {isa = PBXFileReference; fileEncoding = 4; lastKnownFileType = sourcecode.swift; path = Redirect.swift; sourceTree = "<group>"; };
		D9A7299523DE225500CEABE0 /* PaymentAmount.swift */ = {isa = PBXFileReference; fileEncoding = 4; lastKnownFileType = sourcecode.swift; path = PaymentAmount.swift; sourceTree = "<group>"; };
		D9A7299623DE225500CEABE0 /* ApplicableNetwork.swift */ = {isa = PBXFileReference; fileEncoding = 4; lastKnownFileType = sourcecode.swift; path = ApplicableNetwork.swift; sourceTree = "<group>"; };
		D9A7299723DE225500CEABE0 /* PresetAccount.swift */ = {isa = PBXFileReference; fileEncoding = 4; lastKnownFileType = sourcecode.swift; path = PresetAccount.swift; sourceTree = "<group>"; };
		D9A7299823DE225500CEABE0 /* ListResult.swift */ = {isa = PBXFileReference; fileEncoding = 4; lastKnownFileType = sourcecode.swift; path = ListResult.swift; sourceTree = "<group>"; };
		D9A7299923DE225500CEABE0 /* InstallmentsPlan.swift */ = {isa = PBXFileReference; fileEncoding = 4; lastKnownFileType = sourcecode.swift; path = InstallmentsPlan.swift; sourceTree = "<group>"; };
		D9A7299A23DE225500CEABE0 /* Parameter.swift */ = {isa = PBXFileReference; fileEncoding = 4; lastKnownFileType = sourcecode.swift; path = Parameter.swift; sourceTree = "<group>"; };
		D9A7299B23DE225500CEABE0 /* InstallmentItem.swift */ = {isa = PBXFileReference; fileEncoding = 4; lastKnownFileType = sourcecode.swift; path = InstallmentItem.swift; sourceTree = "<group>"; };
		D9A7299C23DE225500CEABE0 /* AccountMask.swift */ = {isa = PBXFileReference; fileEncoding = 4; lastKnownFileType = sourcecode.swift; path = AccountMask.swift; sourceTree = "<group>"; };
		D9A7299D23DE225500CEABE0 /* .swiftlint.yml */ = {isa = PBXFileReference; fileEncoding = 4; lastKnownFileType = text.yaml; path = .swiftlint.yml; sourceTree = "<group>"; };
		D9A7299E23DE225500CEABE0 /* Installments.swift */ = {isa = PBXFileReference; fileEncoding = 4; lastKnownFileType = sourcecode.swift; path = Installments.swift; sourceTree = "<group>"; };
		D9A7299F23DE225500CEABE0 /* CustomerFormData.swift */ = {isa = PBXFileReference; fileEncoding = 4; lastKnownFileType = sourcecode.swift; path = CustomerFormData.swift; sourceTree = "<group>"; };
		D9A729A023DE225500CEABE0 /* ExtraElements.swift */ = {isa = PBXFileReference; fileEncoding = 4; lastKnownFileType = sourcecode.swift; path = ExtraElements.swift; sourceTree = "<group>"; };
		D9A729A123DE225500CEABE0 /* Interaction.swift */ = {isa = PBXFileReference; fileEncoding = 4; lastKnownFileType = sourcecode.swift; path = Interaction.swift; sourceTree = "<group>"; };
		D9A729A223DE225500CEABE0 /* ExtraElement.swift */ = {isa = PBXFileReference; fileEncoding = 4; lastKnownFileType = sourcecode.swift; path = ExtraElement.swift; sourceTree = "<group>"; };
		D9A729A323DE225500CEABE0 /* FormData.swift */ = {isa = PBXFileReference; fileEncoding = 4; lastKnownFileType = sourcecode.swift; path = FormData.swift; sourceTree = "<group>"; };
		D9A729A423DE225500CEABE0 /* ErrorInfo.swift */ = {isa = PBXFileReference; fileEncoding = 4; lastKnownFileType = sourcecode.swift; path = ErrorInfo.swift; sourceTree = "<group>"; };
		D9A729A523DE225500CEABE0 /* Style.swift */ = {isa = PBXFileReference; fileEncoding = 4; lastKnownFileType = sourcecode.swift; path = Style.swift; sourceTree = "<group>"; };
		D9A729A623DE225500CEABE0 /* Checkbox.swift */ = {isa = PBXFileReference; fileEncoding = 4; lastKnownFileType = sourcecode.swift; path = Checkbox.swift; sourceTree = "<group>"; };
		D9A729A723DE225500CEABE0 /* InputElement.swift */ = {isa = PBXFileReference; fileEncoding = 4; lastKnownFileType = sourcecode.swift; path = InputElement.swift; sourceTree = "<group>"; };
		D9A729A823DE225500CEABE0 /* Networks.swift */ = {isa = PBXFileReference; fileEncoding = 4; lastKnownFileType = sourcecode.swift; path = Networks.swift; sourceTree = "<group>"; };
		D9A729A923DE225500CEABE0 /* SelectOption.swift */ = {isa = PBXFileReference; fileEncoding = 4; lastKnownFileType = sourcecode.swift; path = SelectOption.swift; sourceTree = "<group>"; };
		D9A729AA23DE225500CEABE0 /* AccountRegistration.swift */ = {isa = PBXFileReference; fileEncoding = 4; lastKnownFileType = sourcecode.swift; path = AccountRegistration.swift; sourceTree = "<group>"; };
		D9A729AB23DE225500CEABE0 /* AccountFormData.swift */ = {isa = PBXFileReference; fileEncoding = 4; lastKnownFileType = sourcecode.swift; path = AccountFormData.swift; sourceTree = "<group>"; };
		D9A729AD23DE225500CEABE0 /* RawProvider.swift */ = {isa = PBXFileReference; fileEncoding = 4; lastKnownFileType = sourcecode.swift; path = RawProvider.swift; sourceTree = "<group>"; };
		D9A729AE23DE225500CEABE0 /* validations-default.json.swift */ = {isa = PBXFileReference; fileEncoding = 4; lastKnownFileType = sourcecode.swift; path = "validations-default.json.swift"; sourceTree = "<group>"; };
		D9A729AF23DE225500CEABE0 /* AssetProvider.swift */ = {isa = PBXFileReference; fileEncoding = 4; lastKnownFileType = sourcecode.swift; path = AssetProvider.swift; sourceTree = "<group>"; };
		D9A729B023DE225500CEABE0 /* validations.json.swift */ = {isa = PBXFileReference; fileEncoding = 4; lastKnownFileType = sourcecode.swift; path = validations.json.swift; sourceTree = "<group>"; };
		D9A729B323DE225500CEABE0 /* AsynchronousOperation.swift */ = {isa = PBXFileReference; fileEncoding = 4; lastKnownFileType = sourcecode.swift; path = AsynchronousOperation.swift; sourceTree = "<group>"; };
		D9A729B423DE225500CEABE0 /* SendRequestOperation.swift */ = {isa = PBXFileReference; fileEncoding = 4; lastKnownFileType = sourcecode.swift; path = SendRequestOperation.swift; sourceTree = "<group>"; };
		D9A729B523DE225500CEABE0 /* HTTPMethod.swift */ = {isa = PBXFileReference; fileEncoding = 4; lastKnownFileType = sourcecode.swift; path = HTTPMethod.swift; sourceTree = "<group>"; };
		D9A729B723DE225500CEABE0 /* GetListResult.swift */ = {isa = PBXFileReference; fileEncoding = 4; lastKnownFileType = sourcecode.swift; path = GetListResult.swift; sourceTree = "<group>"; };
		D9A729B823DE225500CEABE0 /* DownloadLocalization.swift */ = {isa = PBXFileReference; fileEncoding = 4; lastKnownFileType = sourcecode.swift; path = DownloadLocalization.swift; sourceTree = "<group>"; };
		D9A729B923DE225500CEABE0 /* DownloadData.swift */ = {isa = PBXFileReference; fileEncoding = 4; lastKnownFileType = sourcecode.swift; path = DownloadData.swift; sourceTree = "<group>"; };
		D9A729BA23DE225500CEABE0 /* URLSessionConnection.swift */ = {isa = PBXFileReference; fileEncoding = 4; lastKnownFileType = sourcecode.swift; path = URLSessionConnection.swift; sourceTree = "<group>"; };
		D9A729BC23DE225500CEABE0 /* Connection.swift */ = {isa = PBXFileReference; fileEncoding = 4; lastKnownFileType = sourcecode.swift; path = Connection.swift; sourceTree = "<group>"; };
		D9A729BD23DE225500CEABE0 /* GetRequest.swift */ = {isa = PBXFileReference; fileEncoding = 4; lastKnownFileType = sourcecode.swift; path = GetRequest.swift; sourceTree = "<group>"; };
		D9A729BE23DE225500CEABE0 /* Request.swift */ = {isa = PBXFileReference; fileEncoding = 4; lastKnownFileType = sourcecode.swift; path = Request.swift; sourceTree = "<group>"; };
		D9A729C023DE225500CEABE0 /* log.swift */ = {isa = PBXFileReference; fileEncoding = 4; lastKnownFileType = sourcecode.swift; path = log.swift; sourceTree = "<group>"; };
		D9A729C123DE225500CEABE0 /* InternalError.swift */ = {isa = PBXFileReference; fileEncoding = 4; lastKnownFileType = sourcecode.swift; path = InternalError.swift; sourceTree = "<group>"; };
		D9A729C323DE225500CEABE0 /* Media.xcassets */ = {isa = PBXFileReference; lastKnownFileType = folder.assetcatalog; path = Media.xcassets; sourceTree = "<group>"; };
		D9A729C423DE225500CEABE0 /* groups.json */ = {isa = PBXFileReference; fileEncoding = 4; lastKnownFileType = text.json; path = groups.json; sourceTree = "<group>"; };
		OBJ_127 /* URL+Example.swift */ = {isa = PBXFileReference; lastKnownFileType = sourcecode.swift; path = "URL+Example.swift"; sourceTree = "<group>"; };
		OBJ_128 /* XCTAttachment+subject.swift */ = {isa = PBXFileReference; lastKnownFileType = sourcecode.swift; path = "XCTAttachment+subject.swift"; sourceTree = "<group>"; };
		OBJ_129 /* XCTFail+Error.swift */ = {isa = PBXFileReference; lastKnownFileType = sourcecode.swift; path = "XCTFail+Error.swift"; sourceTree = "<group>"; };
		OBJ_131 /* SharedTranslationProviderTests.swift */ = {isa = PBXFileReference; lastKnownFileType = sourcecode.swift; path = SharedTranslationProviderTests.swift; sourceTree = "<group>"; };
		OBJ_134 /* MockFactory.ListResult.swift */ = {isa = PBXFileReference; lastKnownFileType = sourcecode.swift; path = MockFactory.ListResult.swift; sourceTree = "<group>"; };
		OBJ_135 /* MockFactory.Localization.swift */ = {isa = PBXFileReference; lastKnownFileType = sourcecode.swift; path = MockFactory.Localization.swift; sourceTree = "<group>"; };
		OBJ_136 /* MockFactory.swift */ = {isa = PBXFileReference; lastKnownFileType = sourcecode.swift; path = MockFactory.swift; sourceTree = "<group>"; };
		OBJ_137 /* MockConnection.swift */ = {isa = PBXFileReference; lastKnownFileType = sourcecode.swift; path = MockConnection.swift; sourceTree = "<group>"; };
		OBJ_138 /* MockDataSource.swift */ = {isa = PBXFileReference; lastKnownFileType = sourcecode.swift; path = MockDataSource.swift; sourceTree = "<group>"; };
		OBJ_139 /* TestError.swift */ = {isa = PBXFileReference; lastKnownFileType = sourcecode.swift; path = TestError.swift; sourceTree = "<group>"; };
		OBJ_141 /* NetworkTests.swift */ = {isa = PBXFileReference; lastKnownFileType = sourcecode.swift; path = NetworkTests.swift; sourceTree = "<group>"; };
		OBJ_142 /* XCTestManifests.swift */ = {isa = PBXFileReference; lastKnownFileType = sourcecode.swift; path = XCTestManifests.swift; sourceTree = "<group>"; };
		OBJ_146 /* DataDownloadProviderTests.swift */ = {isa = PBXFileReference; lastKnownFileType = sourcecode.swift; path = DataDownloadProviderTests.swift; sourceTree = "<group>"; };
		OBJ_147 /* PaymentSessionServiceTests.swift */ = {isa = PBXFileReference; lastKnownFileType = sourcecode.swift; path = PaymentSessionServiceTests.swift; sourceTree = "<group>"; };
		OBJ_152 /* Optile.podspec */ = {isa = PBXFileReference; lastKnownFileType = text; path = Optile.podspec; sourceTree = "<group>"; };
		OBJ_153 /* README.md */ = {isa = PBXFileReference; lastKnownFileType = net.daringfireball.markdown; path = README.md; sourceTree = "<group>"; };
		"Optile::Optile::Product" /* Optile.framework */ = {isa = PBXFileReference; lastKnownFileType = wrapper.framework; path = Optile.framework; sourceTree = BUILT_PRODUCTS_DIR; };
		"Optile::Tests::Product" /* Tests.xctest */ = {isa = PBXFileReference; explicitFileType = wrapper.cfbundle; path = Tests.xctest; sourceTree = BUILT_PRODUCTS_DIR; };
/* End PBXFileReference section */

/* Begin PBXFrameworksBuildPhase section */
		OBJ_249 /* Frameworks */ = {
			isa = PBXFrameworksBuildPhase;
			buildActionMask = 0;
			files = (
			);
			runOnlyForDeploymentPostprocessing = 0;
		};
		OBJ_280 /* Frameworks */ = {
			isa = PBXFrameworksBuildPhase;
			buildActionMask = 0;
			files = (
				OBJ_281 /* Optile.framework in Frameworks */,
			);
			runOnlyForDeploymentPostprocessing = 0;
		};
/* End PBXFrameworksBuildPhase section */

/* Begin PBXGroup section */
		D9A7294123DE225500CEABE0 /* Localization */ = {
			isa = PBXGroup;
			children = (
				D9A7294223DE225500CEABE0 /* Strings */,
				D9A7294423DE225500CEABE0 /* Translation Providers */,
			);
			path = Localization;
			sourceTree = "<group>";
		};
		D9A7294223DE225500CEABE0 /* Strings */ = {
			isa = PBXGroup;
			children = (
				D9A7294323DE225500CEABE0 /* LocalTranslation.swift */,
			);
			path = Strings;
			sourceTree = "<group>";
		};
		D9A7294423DE225500CEABE0 /* Translation Providers */ = {
			isa = PBXGroup;
			children = (
				D9A7294523DE225500CEABE0 /* TranslationProvider.swift */,
				D9A7294623DE225500CEABE0 /* CombinedTranslationProvider.swift */,
				D9A7294723DE225500CEABE0 /* SharedTranslationProvider.swift */,
			);
			path = "Translation Providers";
			sourceTree = "<group>";
		};
		D9A7294823DE225500CEABE0 /* UI */ = {
			isa = PBXGroup;
			children = (
				D9A7294923DE225500CEABE0 /* Scenes */,
				D9A7297E23DE225500CEABE0 /* Core */,
				D9A7298323DE225500CEABE0 /* Theme */,
				D9A7298623DE225500CEABE0 /* Model */,
				D9A7298A23DE225500CEABE0 /* View Controller */,
				D9A7298B23DE225500CEABE0 /* Service */,
				D9A7299023DE225500CEABE0 /* Protocols */,
			);
			path = UI;
			sourceTree = "<group>";
		};
		D9A7294923DE225500CEABE0 /* Scenes */ = {
			isa = PBXGroup;
			children = (
				D9A7294A23DE225500CEABE0 /* Input */,
				D9A7296E23DE225500CEABE0 /* List */,
			);
			path = Scenes;
			sourceTree = "<group>";
		};
		D9A7294A23DE225500CEABE0 /* Input */ = {
			isa = PBXGroup;
			children = (
				D9A7294B23DE225500CEABE0 /* Field */,
				D9A7295B23DE225500CEABE0 /* Input.SmartSwitch.swift */,
				D9A7295C23DE225500CEABE0 /* Input.swift */,
				D9A7295D23DE225500CEABE0 /* Table */,
				D9A7296123DE225500CEABE0 /* Model */,
				D9A7296323DE225500CEABE0 /* Protocols */,
				D9A7296D23DE225500CEABE0 /* Input.ViewController.swift */,
			);
			path = Input;
			sourceTree = "<group>";
		};
		D9A7294B23DE225500CEABE0 /* Field */ = {
			isa = PBXGroup;
			children = (
				D9A7294C23DE225500CEABE0 /* Input.Field.Transformer.swift */,
				D9A7294D23DE225500CEABE0 /* Model */,
				D9A7295523DE225500CEABE0 /* Input.Field.swift */,
				D9A7295623DE225500CEABE0 /* Validation */,
			);
			path = Field;
			sourceTree = "<group>";
		};
		D9A7294D23DE225500CEABE0 /* Model */ = {
			isa = PBXGroup;
			children = (
				D9A7294E23DE225500CEABE0 /* Input.Field.AccountNumber.swift */,
				D9A7294F23DE225500CEABE0 /* Input.Field.ExpiryMonth.swift */,
				D9A7295023DE225500CEABE0 /* Input.Field.IBAN.swift */,
				D9A7295123DE225500CEABE0 /* Input.Field.HolderName.swift */,
				D9A7295223DE225500CEABE0 /* Input.Field.Generic.swift */,
				D9A7295323DE225500CEABE0 /* Input.Field.ExpiryYear.swift */,
				D9A7295423DE225500CEABE0 /* Input.Field.VerificationCode.swift */,
			);
			path = Model;
			sourceTree = "<group>";
		};
		D9A7295623DE225500CEABE0 /* Validation */ = {
			isa = PBXGroup;
			children = (
				D9A7295723DE225500CEABE0 /* Input.Field.Validation.IBAN.swift */,
				D9A7295823DE225500CEABE0 /* Input.Field.Validation.ExpiryDate.swift */,
				D9A7295923DE225500CEABE0 /* Input.Field.Validation.Luhn.swift */,
				D9A7295A23DE225500CEABE0 /* Input.Field.Validation.swift */,
			);
			path = Validation;
			sourceTree = "<group>";
		};
		D9A7295D23DE225500CEABE0 /* Table */ = {
			isa = PBXGroup;
			children = (
				D9A7295E23DE225500CEABE0 /* Input.Table.Controller.swift */,
				D9A7295F23DE225500CEABE0 /* Input.Table.TextFieldViewCell.swift */,
				D9A7296023DE225500CEABE0 /* Input.Table.swift */,
			);
			path = Table;
			sourceTree = "<group>";
		};
		D9A7296123DE225500CEABE0 /* Model */ = {
			isa = PBXGroup;
			children = (
				D9A7296223DE225500CEABE0 /* Input.Network.swift */,
			);
			path = Model;
			sourceTree = "<group>";
		};
		D9A7296323DE225500CEABE0 /* Protocols */ = {
			isa = PBXGroup;
			children = (
				D9A7296423DE225500CEABE0 /* SelectInputField.swift */,
				D9A7296523DE225500CEABE0 /* DefinesKeyboardStyle.swift */,
				D9A7296623DE225500CEABE0 /* InputValueChangesListener.swift */,
				D9A7296723DE225500CEABE0 /* InputField.swift */,
				D9A7296823DE225500CEABE0 /* Validatable.swift */,
				D9A7296923DE225500CEABE0 /* CellRepresentable.swift */,
				D9A7296A23DE225500CEABE0 /* InputCellDelegate.swift */,
				D9A7296B23DE225500CEABE0 /* Selectable.swift */,
				D9A7296C23DE225500CEABE0 /* TextInputField.swift */,
			);
			path = Protocols;
			sourceTree = "<group>";
		};
		D9A7296E23DE225500CEABE0 /* List */ = {
			isa = PBXGroup;
			children = (
				D9A7296F23DE225500CEABE0 /* List.ViewController.swift */,
				D9A7297023DE225500CEABE0 /* List.swift */,
				D9A7297123DE225500CEABE0 /* Table */,
			);
			path = List;
			sourceTree = "<group>";
		};
		D9A7297123DE225500CEABE0 /* Table */ = {
			isa = PBXGroup;
			children = (
				D9A7297223DE225500CEABE0 /* Cells */,
				D9A7297623DE225500CEABE0 /* List.Table.swift */,
				D9A7297723DE225500CEABE0 /* List.Table.DataSource.swift */,
				D9A7297823DE225500CEABE0 /* List.Table.GroupingService.swift */,
				D9A7297923DE225500CEABE0 /* List.Table.Controller.swift */,
				D9A7297A23DE225500CEABE0 /* Views */,
			);
			path = Table;
			sourceTree = "<group>";
		};
		D9A7297223DE225500CEABE0 /* Cells */ = {
			isa = PBXGroup;
			children = (
				D9A7297323DE225500CEABE0 /* List.Table.SingleLabelCell.swift */,
				D9A7297423DE225500CEABE0 /* List.Table.BorderedCell.swift */,
				D9A7297523DE225500CEABE0 /* List.Table.DetailedLabelCell.swift */,
			);
			path = Cells;
			sourceTree = "<group>";
		};
		D9A7297A23DE225500CEABE0 /* Views */ = {
			isa = PBXGroup;
			children = (
				D9A7297B23DE225500CEABE0 /* List.Table.SectionHeader.swift */,
				D9A7297C23DE225500CEABE0 /* List.Table.TableView.swift */,
				D9A7297D23DE225500CEABE0 /* List.ImageStackView.swift */,
			);
			path = Views;
			sourceTree = "<group>";
		};
		D9A7297E23DE225500CEABE0 /* Core */ = {
			isa = PBXGroup;
			children = (
				D9A7297F23DE225500CEABE0 /* String+removeCharacters.swift */,
				D9A7298023DE225500CEABE0 /* Infix */,
				D9A7298223DE225500CEABE0 /* Error+isNetworkError.swift */,
			);
			path = Core;
			sourceTree = "<group>";
		};
		D9A7298023DE225500CEABE0 /* Infix */ = {
			isa = PBXGroup;
			children = (
				D9A7298123DE225500CEABE0 /* mergeClosures.swift */,
			);
			path = Infix;
			sourceTree = "<group>";
		};
		D9A7298323DE225500CEABE0 /* Theme */ = {
			isa = PBXGroup;
			children = (
				D9A7298423DE225500CEABE0 /* UIColor+.swift */,
				D9A7298523DE225500CEABE0 /* PaymentListParameters.swift */,
			);
			path = Theme;
			sourceTree = "<group>";
		};
		D9A7298623DE225500CEABE0 /* Model */ = {
			isa = PBXGroup;
			children = (
				D9A7298723DE225500CEABE0 /* PaymentNetwork.swift */,
				D9A7298823DE225500CEABE0 /* PaymentError.swift */,
				D9A7298923DE225500CEABE0 /* PaymentSession.swift */,
			);
			path = Model;
			sourceTree = "<group>";
		};
		D9A7298A23DE225500CEABE0 /* View Controller */ = {
			isa = PBXGroup;
			children = (
			);
			path = "View Controller";
			sourceTree = "<group>";
		};
		D9A7298B23DE225500CEABE0 /* Service */ = {
			isa = PBXGroup;
			children = (
				D9A7298C23DE225500CEABE0 /* PaymentSessionProvider.swift */,
				D9A7298D23DE225500CEABE0 /* DownloadTranslationOperation.swift */,
				D9A7298E23DE225500CEABE0 /* PaymentSessionService.swift */,
				D9A7298F23DE225500CEABE0 /* DataDownloadProvider.swift */,
			);
			path = Service;
			sourceTree = "<group>";
		};
		D9A7299023DE225500CEABE0 /* Protocols */ = {
			isa = PBXGroup;
			children = (
				D9A7299123DE225500CEABE0 /* DequeueableTableCell.swift */,
				D9A7299223DE225500CEABE0 /* KeyboardChangeFrameObserver.swift */,
			);
			path = Protocols;
			sourceTree = "<group>";
		};
		D9A7299323DE225500CEABE0 /* Model */ = {
			isa = PBXGroup;
			children = (
				D9A7299423DE225500CEABE0 /* Redirect.swift */,
				D9A7299523DE225500CEABE0 /* PaymentAmount.swift */,
				D9A7299623DE225500CEABE0 /* ApplicableNetwork.swift */,
				D9A7299723DE225500CEABE0 /* PresetAccount.swift */,
				D9A7299823DE225500CEABE0 /* ListResult.swift */,
				D9A7299923DE225500CEABE0 /* InstallmentsPlan.swift */,
				D9A7299A23DE225500CEABE0 /* Parameter.swift */,
				D9A7299B23DE225500CEABE0 /* InstallmentItem.swift */,
				D9A7299C23DE225500CEABE0 /* AccountMask.swift */,
				D9A7299D23DE225500CEABE0 /* .swiftlint.yml */,
				D9A7299E23DE225500CEABE0 /* Installments.swift */,
				D9A7299F23DE225500CEABE0 /* CustomerFormData.swift */,
				D9A729A023DE225500CEABE0 /* ExtraElements.swift */,
				D9A729A123DE225500CEABE0 /* Interaction.swift */,
				D9A729A223DE225500CEABE0 /* ExtraElement.swift */,
				D9A729A323DE225500CEABE0 /* FormData.swift */,
				D9A729A423DE225500CEABE0 /* ErrorInfo.swift */,
				D9A729A523DE225500CEABE0 /* Style.swift */,
				D9A729A623DE225500CEABE0 /* Checkbox.swift */,
				D9A729A723DE225500CEABE0 /* InputElement.swift */,
				D9A729A823DE225500CEABE0 /* Networks.swift */,
				D9A729A923DE225500CEABE0 /* SelectOption.swift */,
				D9A729AA23DE225500CEABE0 /* AccountRegistration.swift */,
				D9A729AB23DE225500CEABE0 /* AccountFormData.swift */,
			);
			path = Model;
			sourceTree = "<group>";
		};
		D9A729AC23DE225500CEABE0 /* Raw */ = {
			isa = PBXGroup;
			children = (
				D9A729AD23DE225500CEABE0 /* RawProvider.swift */,
				D9A729AE23DE225500CEABE0 /* validations-default.json.swift */,
				D9A729AF23DE225500CEABE0 /* AssetProvider.swift */,
				D9A729B023DE225500CEABE0 /* validations.json.swift */,
			);
			path = Raw;
			sourceTree = "<group>";
		};
		D9A729B123DE225500CEABE0 /* Network */ = {
			isa = PBXGroup;
			children = (
				D9A729B223DE225500CEABE0 /* Operations */,
				D9A729B523DE225500CEABE0 /* HTTPMethod.swift */,
				D9A729B623DE225500CEABE0 /* Requests */,
				D9A729BA23DE225500CEABE0 /* URLSessionConnection.swift */,
				D9A729BB23DE225500CEABE0 /* Protocols */,
			);
			path = Network;
			sourceTree = "<group>";
		};
		D9A729B223DE225500CEABE0 /* Operations */ = {
			isa = PBXGroup;
			children = (
				D9A729B323DE225500CEABE0 /* AsynchronousOperation.swift */,
				D9A729B423DE225500CEABE0 /* SendRequestOperation.swift */,
			);
			path = Operations;
			sourceTree = "<group>";
		};
		D9A729B623DE225500CEABE0 /* Requests */ = {
			isa = PBXGroup;
			children = (
				D9A729B723DE225500CEABE0 /* GetListResult.swift */,
				D9A729B823DE225500CEABE0 /* DownloadLocalization.swift */,
				D9A729B923DE225500CEABE0 /* DownloadData.swift */,
			);
			path = Requests;
			sourceTree = "<group>";
		};
		D9A729BB23DE225500CEABE0 /* Protocols */ = {
			isa = PBXGroup;
			children = (
				D9A729BC23DE225500CEABE0 /* Connection.swift */,
				D9A729BD23DE225500CEABE0 /* GetRequest.swift */,
				D9A729BE23DE225500CEABE0 /* Request.swift */,
			);
			path = Protocols;
			sourceTree = "<group>";
		};
		D9A729BF23DE225500CEABE0 /* Core */ = {
			isa = PBXGroup;
			children = (
				D9A729C023DE225500CEABE0 /* log.swift */,
				D9A729C123DE225500CEABE0 /* InternalError.swift */,
			);
			path = Core;
			sourceTree = "<group>";
		};
		D9A729C223DE225500CEABE0 /* Assets */ = {
			isa = PBXGroup;
			children = (
				D9A729C323DE225500CEABE0 /* Media.xcassets */,
				D9A729C423DE225500CEABE0 /* groups.json */,
			);
			path = Assets;
			sourceTree = "<group>";
		};
		OBJ_124 /* Tests */ = {
			isa = PBXGroup;
			children = (
				OBJ_125 /* Tests */,
			);
			name = Tests;
			sourceTree = SOURCE_ROOT;
		};
		OBJ_125 /* Tests */ = {
			isa = PBXGroup;
			children = (
				OBJ_126 /* Helpers */,
				OBJ_130 /* Localization */,
				OBJ_132 /* Mock */,
				OBJ_140 /* Network */,
				OBJ_143 /* UI */,
			);
			path = Tests;
			sourceTree = SOURCE_ROOT;
		};
		OBJ_126 /* Helpers */ = {
			isa = PBXGroup;
			children = (
				OBJ_127 /* URL+Example.swift */,
				OBJ_128 /* XCTAttachment+subject.swift */,
				OBJ_129 /* XCTFail+Error.swift */,
			);
			path = Helpers;
			sourceTree = "<group>";
		};
		OBJ_130 /* Localization */ = {
			isa = PBXGroup;
			children = (
				OBJ_131 /* SharedTranslationProviderTests.swift */,
			);
			path = Localization;
			sourceTree = "<group>";
		};
		OBJ_132 /* Mock */ = {
			isa = PBXGroup;
			children = (
				OBJ_133 /* Factory */,
				OBJ_137 /* MockConnection.swift */,
				OBJ_138 /* MockDataSource.swift */,
				OBJ_139 /* TestError.swift */,
			);
			path = Mock;
			sourceTree = "<group>";
		};
		OBJ_133 /* Factory */ = {
			isa = PBXGroup;
			children = (
				OBJ_134 /* MockFactory.ListResult.swift */,
				OBJ_135 /* MockFactory.Localization.swift */,
				OBJ_136 /* MockFactory.swift */,
			);
			path = Factory;
			sourceTree = "<group>";
		};
		OBJ_140 /* Network */ = {
			isa = PBXGroup;
			children = (
				OBJ_141 /* NetworkTests.swift */,
				OBJ_142 /* XCTestManifests.swift */,
			);
			path = Network;
			sourceTree = "<group>";
		};
		OBJ_143 /* UI */ = {
			isa = PBXGroup;
			children = (
				OBJ_144 /* Service */,
			);
			path = UI;
			sourceTree = "<group>";
		};
		OBJ_144 /* Service */ = {
			isa = PBXGroup;
			children = (
				OBJ_145 /* Payment Session */,
			);
			path = Service;
			sourceTree = "<group>";
		};
		OBJ_145 /* Payment Session */ = {
			isa = PBXGroup;
			children = (
				OBJ_146 /* DataDownloadProviderTests.swift */,
				OBJ_147 /* PaymentSessionServiceTests.swift */,
			);
			path = "Payment Session";
			sourceTree = "<group>";
		};
		OBJ_148 /* Products */ = {
			isa = PBXGroup;
			children = (
				"Optile::Optile::Product" /* Optile.framework */,
				"Optile::Tests::Product" /* Tests.xctest */,
			);
			name = Products;
			sourceTree = BUILT_PRODUCTS_DIR;
		};
		OBJ_5 = {
			isa = PBXGroup;
			children = (
				OBJ_7 /* Sources */,
				OBJ_124 /* Tests */,
				OBJ_148 /* Products */,
				OBJ_152 /* Optile.podspec */,
				OBJ_153 /* README.md */,
			);
			sourceTree = "<group>";
		};
		OBJ_7 /* Sources */ = {
			isa = PBXGroup;
			children = (
				D9A729C223DE225500CEABE0 /* Assets */,
				D9A729BF23DE225500CEABE0 /* Core */,
				D9A7294123DE225500CEABE0 /* Localization */,
				D9A7299323DE225500CEABE0 /* Model */,
				D9A729B123DE225500CEABE0 /* Network */,
				D9A729AC23DE225500CEABE0 /* Raw */,
				D9A7294823DE225500CEABE0 /* UI */,
			);
			path = Sources;
			sourceTree = SOURCE_ROOT;
		};
/* End PBXGroup section */

/* Begin PBXNativeTarget section */
		"Optile::Optile" /* Optile */ = {
			isa = PBXNativeTarget;
			buildConfigurationList = OBJ_155 /* Build configuration list for PBXNativeTarget "Optile" */;
			buildPhases = (
				OBJ_158 /* Sources */,
				OBJ_249 /* Frameworks */,
				D943F10823C7EFB900E31100 /* Resources */,
			);
			buildRules = (
			);
			dependencies = (
			);
			name = Optile;
			productName = Optile;
			productReference = "Optile::Optile::Product" /* Optile.framework */;
			productType = "com.apple.product-type.framework";
		};
		"Optile::SwiftPMPackageDescription" /* OptilePackageDescription */ = {
			isa = PBXNativeTarget;
			buildConfigurationList = OBJ_251 /* Build configuration list for PBXNativeTarget "OptilePackageDescription" */;
			buildPhases = (
				OBJ_254 /* Sources */,
			);
			buildRules = (
			);
			dependencies = (
			);
			name = OptilePackageDescription;
			productName = OptilePackageDescription;
			productType = "com.apple.product-type.framework";
		};
		"Optile::Tests" /* Tests */ = {
			isa = PBXNativeTarget;
			buildConfigurationList = OBJ_262 /* Build configuration list for PBXNativeTarget "Tests" */;
			buildPhases = (
				OBJ_265 /* Sources */,
				OBJ_280 /* Frameworks */,
			);
			buildRules = (
			);
			dependencies = (
				OBJ_282 /* PBXTargetDependency */,
			);
			name = Tests;
			productName = Tests;
			productReference = "Optile::Tests::Product" /* Tests.xctest */;
			productType = "com.apple.product-type.bundle.unit-test";
		};
/* End PBXNativeTarget section */

/* Begin PBXProject section */
		OBJ_1 /* Project object */ = {
			isa = PBXProject;
			attributes = {
				LastSwiftMigration = 9999;
				LastUpgradeCheck = 9999;
			};
			buildConfigurationList = OBJ_2 /* Build configuration list for PBXProject "Optile" */;
			compatibilityVersion = "Xcode 3.2";
			developmentRegion = en;
			hasScannedForEncodings = 0;
			knownRegions = (
				en,
			);
			mainGroup = OBJ_5;
			productRefGroup = OBJ_148 /* Products */;
			projectDirPath = "";
			projectRoot = "";
			targets = (
				"Optile::Optile" /* Optile */,
				"Optile::SwiftPMPackageDescription" /* OptilePackageDescription */,
				"Optile::OptilePackageTests::ProductTarget" /* OptilePackageTests */,
				"Optile::Tests" /* Tests */,
			);
		};
/* End PBXProject section */

/* Begin PBXResourcesBuildPhase section */
		D943F10823C7EFB900E31100 /* Resources */ = {
			isa = PBXResourcesBuildPhase;
			buildActionMask = 2147483647;
			files = (
				D9A72A2823DE225500CEABE0 /* Media.xcassets in Resources */,
				D9A72A2923DE225500CEABE0 /* groups.json in Resources */,
				D9A72A0923DE225500CEABE0 /* .swiftlint.yml in Resources */,
			);
			runOnlyForDeploymentPostprocessing = 0;
		};
/* End PBXResourcesBuildPhase section */

/* Begin PBXSourcesBuildPhase section */
		OBJ_158 /* Sources */ = {
			isa = PBXSourcesBuildPhase;
			buildActionMask = 0;
			files = (
				D9A729C623DE225500CEABE0 /* TranslationProvider.swift in Sources */,
				D9A72A1023DE225500CEABE0 /* ErrorInfo.swift in Sources */,
				D9A729FC23DE225500CEABE0 /* PaymentSessionService.swift in Sources */,
				D9A729DB23DE225500CEABE0 /* Input.Network.swift in Sources */,
				D9A72A1223DE225500CEABE0 /* Checkbox.swift in Sources */,
				D9A72A1E23DE225500CEABE0 /* HTTPMethod.swift in Sources */,
				D9A72A0B23DE225500CEABE0 /* CustomerFormData.swift in Sources */,
				D9A729FE23DE225500CEABE0 /* DequeueableTableCell.swift in Sources */,
				D9A729ED23DE225500CEABE0 /* List.Table.GroupingService.swift in Sources */,
				D9A72A0823DE225500CEABE0 /* AccountMask.swift in Sources */,
				D9A72A2223DE225500CEABE0 /* URLSessionConnection.swift in Sources */,
				D9A729E323DE225500CEABE0 /* Selectable.swift in Sources */,
				D9A72A0423DE225500CEABE0 /* ListResult.swift in Sources */,
				D9A729DF23DE225500CEABE0 /* InputField.swift in Sources */,
				D9A72A0C23DE225500CEABE0 /* ExtraElements.swift in Sources */,
				D9A729C523DE225500CEABE0 /* LocalTranslation.swift in Sources */,
				D9A72A0623DE225500CEABE0 /* Parameter.swift in Sources */,
				D9A729CA23DE225500CEABE0 /* Input.Field.AccountNumber.swift in Sources */,
				D9A729E223DE225500CEABE0 /* InputCellDelegate.swift in Sources */,
				D9A729E123DE225500CEABE0 /* CellRepresentable.swift in Sources */,
				D9A729F823DE225500CEABE0 /* PaymentError.swift in Sources */,
				D9A72A1423DE225500CEABE0 /* Networks.swift in Sources */,
				D9A72A0A23DE225500CEABE0 /* Installments.swift in Sources */,
				D9A729E423DE225500CEABE0 /* TextInputField.swift in Sources */,
				D9A729D223DE225500CEABE0 /* Input.Field.Validation.IBAN.swift in Sources */,
				D9A72A1823DE225500CEABE0 /* RawProvider.swift in Sources */,
				D9A729F923DE225500CEABE0 /* PaymentSession.swift in Sources */,
				D9A729D423DE225500CEABE0 /* Input.Field.Validation.Luhn.swift in Sources */,
				D9A729FD23DE225500CEABE0 /* DataDownloadProvider.swift in Sources */,
				D9A729D023DE225500CEABE0 /* Input.Field.VerificationCode.swift in Sources */,
				D9A729D523DE225500CEABE0 /* Input.Field.Validation.swift in Sources */,
				D9A729D723DE225500CEABE0 /* Input.swift in Sources */,
				D9A72A0723DE225500CEABE0 /* InstallmentItem.swift in Sources */,
				D9A72A2723DE225500CEABE0 /* InternalError.swift in Sources */,
				D9A72A2023DE225500CEABE0 /* DownloadLocalization.swift in Sources */,
				D9A729F123DE225500CEABE0 /* List.ImageStackView.swift in Sources */,
				D9A729FA23DE225500CEABE0 /* PaymentSessionProvider.swift in Sources */,
				D9A72A2123DE225500CEABE0 /* DownloadData.swift in Sources */,
				D9A729CF23DE225500CEABE0 /* Input.Field.ExpiryYear.swift in Sources */,
				D9A729F023DE225500CEABE0 /* List.Table.TableView.swift in Sources */,
				D9A72A0323DE225500CEABE0 /* PresetAccount.swift in Sources */,
				D9A729D123DE225500CEABE0 /* Input.Field.swift in Sources */,
				D9A72A1B23DE225500CEABE0 /* validations.json.swift in Sources */,
				D9A729EB23DE225500CEABE0 /* List.Table.swift in Sources */,
				D9A729EC23DE225500CEABE0 /* List.Table.DataSource.swift in Sources */,
				D9A72A1523DE225500CEABE0 /* SelectOption.swift in Sources */,
				D9A729DA23DE225500CEABE0 /* Input.Table.swift in Sources */,
				D9A72A1923DE225500CEABE0 /* validations-default.json.swift in Sources */,
				D9A72A0123DE225500CEABE0 /* PaymentAmount.swift in Sources */,
				D9A729E023DE225500CEABE0 /* Validatable.swift in Sources */,
				D9A72A2523DE225500CEABE0 /* Request.swift in Sources */,
				D9A72A1123DE225500CEABE0 /* Style.swift in Sources */,
				D9A729CD23DE225500CEABE0 /* Input.Field.HolderName.swift in Sources */,
				D9A72A0523DE225500CEABE0 /* InstallmentsPlan.swift in Sources */,
				D9A729EA23DE225500CEABE0 /* List.Table.DetailedLabelCell.swift in Sources */,
				D9A729DC23DE225500CEABE0 /* SelectInputField.swift in Sources */,
				D9A729DE23DE225500CEABE0 /* InputValueChangesListener.swift in Sources */,
				D9A729F523DE225500CEABE0 /* UIColor+.swift in Sources */,
				D9A72A0223DE225500CEABE0 /* ApplicableNetwork.swift in Sources */,
				D9A72A1623DE225500CEABE0 /* AccountRegistration.swift in Sources */,
				D9A72A1A23DE225500CEABE0 /* AssetProvider.swift in Sources */,
				D9A72A0E23DE225500CEABE0 /* ExtraElement.swift in Sources */,
				D9A729CC23DE225500CEABE0 /* Input.Field.IBAN.swift in Sources */,
				D9A72A0F23DE225500CEABE0 /* FormData.swift in Sources */,
				D9A729F323DE225500CEABE0 /* mergeClosures.swift in Sources */,
				D9A729E823DE225500CEABE0 /* List.Table.SingleLabelCell.swift in Sources */,
				D9A72A1323DE225500CEABE0 /* InputElement.swift in Sources */,
				D9A729D623DE225500CEABE0 /* Input.SmartSwitch.swift in Sources */,
				D9A72A2423DE225500CEABE0 /* GetRequest.swift in Sources */,
				D9A729F623DE225500CEABE0 /* PaymentListParameters.swift in Sources */,
				D9A729E723DE225500CEABE0 /* List.swift in Sources */,
				D9A729C923DE225500CEABE0 /* Input.Field.Transformer.swift in Sources */,
				D9A729D323DE225500CEABE0 /* Input.Field.Validation.ExpiryDate.swift in Sources */,
				D9A72A1F23DE225500CEABE0 /* GetListResult.swift in Sources */,
				D9A729C723DE225500CEABE0 /* CombinedTranslationProvider.swift in Sources */,
				D9A729EF23DE225500CEABE0 /* List.Table.SectionHeader.swift in Sources */,
				D9A729D923DE225500CEABE0 /* Input.Table.TextFieldViewCell.swift in Sources */,
				D9A729FF23DE225500CEABE0 /* KeyboardChangeFrameObserver.swift in Sources */,
				D9A729DD23DE225500CEABE0 /* DefinesKeyboardStyle.swift in Sources */,
				D9A72A0023DE225500CEABE0 /* Redirect.swift in Sources */,
				D9A729C823DE225500CEABE0 /* SharedTranslationProvider.swift in Sources */,
				D9A72A0D23DE225500CEABE0 /* Interaction.swift in Sources */,
				D9A72A2323DE225500CEABE0 /* Connection.swift in Sources */,
				D9A729F223DE225500CEABE0 /* String+removeCharacters.swift in Sources */,
				D9A72A1723DE225500CEABE0 /* AccountFormData.swift in Sources */,
				D9A729FB23DE225500CEABE0 /* DownloadTranslationOperation.swift in Sources */,
				D9A729E623DE225500CEABE0 /* List.ViewController.swift in Sources */,
				D9A729E923DE225500CEABE0 /* List.Table.BorderedCell.swift in Sources */,
				D9A729F423DE225500CEABE0 /* Error+isNetworkError.swift in Sources */,
				D9A729CB23DE225500CEABE0 /* Input.Field.ExpiryMonth.swift in Sources */,
				D9A72A1D23DE225500CEABE0 /* SendRequestOperation.swift in Sources */,
				D9A729EE23DE225500CEABE0 /* List.Table.Controller.swift in Sources */,
				D9A729CE23DE225500CEABE0 /* Input.Field.Generic.swift in Sources */,
				D9A729E523DE225500CEABE0 /* Input.ViewController.swift in Sources */,
				D9A729D823DE225500CEABE0 /* Input.Table.Controller.swift in Sources */,
				D9A72A2623DE225500CEABE0 /* log.swift in Sources */,
				D9A729F723DE225500CEABE0 /* PaymentNetwork.swift in Sources */,
				D9A72A1C23DE225500CEABE0 /* AsynchronousOperation.swift in Sources */,
			);
			runOnlyForDeploymentPostprocessing = 0;
		};
		OBJ_254 /* Sources */ = {
			isa = PBXSourcesBuildPhase;
			buildActionMask = 0;
			files = (
			);
			runOnlyForDeploymentPostprocessing = 0;
		};
		OBJ_265 /* Sources */ = {
			isa = PBXSourcesBuildPhase;
			buildActionMask = 0;
			files = (
				OBJ_266 /* URL+Example.swift in Sources */,
				OBJ_267 /* XCTAttachment+subject.swift in Sources */,
				OBJ_268 /* XCTFail+Error.swift in Sources */,
				OBJ_269 /* SharedTranslationProviderTests.swift in Sources */,
				OBJ_270 /* MockFactory.ListResult.swift in Sources */,
				OBJ_271 /* MockFactory.Localization.swift in Sources */,
				OBJ_272 /* MockFactory.swift in Sources */,
				OBJ_273 /* MockConnection.swift in Sources */,
				OBJ_274 /* MockDataSource.swift in Sources */,
				OBJ_275 /* TestError.swift in Sources */,
				OBJ_276 /* NetworkTests.swift in Sources */,
				OBJ_277 /* XCTestManifests.swift in Sources */,
				OBJ_278 /* DataDownloadProviderTests.swift in Sources */,
				OBJ_279 /* PaymentSessionServiceTests.swift in Sources */,
			);
			runOnlyForDeploymentPostprocessing = 0;
		};
/* End PBXSourcesBuildPhase section */

/* Begin PBXTargetDependency section */
		OBJ_260 /* PBXTargetDependency */ = {
			isa = PBXTargetDependency;
			target = "Optile::Tests" /* Tests */;
			targetProxy = D967F71623C7BDCB0001B778 /* PBXContainerItemProxy */;
		};
		OBJ_282 /* PBXTargetDependency */ = {
			isa = PBXTargetDependency;
			target = "Optile::Optile" /* Optile */;
			targetProxy = D967F71523C7BDC90001B778 /* PBXContainerItemProxy */;
		};
/* End PBXTargetDependency section */

/* Begin XCBuildConfiguration section */
		OBJ_156 /* Debug */ = {
			isa = XCBuildConfiguration;
			buildSettings = {
				ENABLE_TESTABILITY = YES;
				FRAMEWORK_SEARCH_PATHS = (
					"$(inherited)",
					"$(PLATFORM_DIR)/Developer/Library/Frameworks",
				);
				HEADER_SEARCH_PATHS = "$(inherited)";
				INFOPLIST_FILE = Optile.xcodeproj/Optile_Info.plist;
				IPHONEOS_DEPLOYMENT_TARGET = 10.0;
				LD_RUNPATH_SEARCH_PATHS = "$(inherited) $(TOOLCHAIN_DIR)/usr/lib/swift/macosx";
				MACOSX_DEPLOYMENT_TARGET = 10.10;
				OTHER_CFLAGS = "$(inherited)";
				OTHER_LDFLAGS = "$(inherited)";
				OTHER_SWIFT_FLAGS = "$(inherited)";
				PRODUCT_BUNDLE_IDENTIFIER = Optile;
				PRODUCT_MODULE_NAME = "$(TARGET_NAME:c99extidentifier)";
				PRODUCT_NAME = "$(TARGET_NAME:c99extidentifier)";
				SKIP_INSTALL = YES;
				SWIFT_ACTIVE_COMPILATION_CONDITIONS = "$(inherited)";
				SWIFT_VERSION = 5.0;
				TARGET_NAME = Optile;
				TVOS_DEPLOYMENT_TARGET = 9.0;
				WATCHOS_DEPLOYMENT_TARGET = 2.0;
			};
			name = Debug;
		};
		OBJ_157 /* Release */ = {
			isa = XCBuildConfiguration;
			buildSettings = {
				ENABLE_TESTABILITY = YES;
				FRAMEWORK_SEARCH_PATHS = (
					"$(inherited)",
					"$(PLATFORM_DIR)/Developer/Library/Frameworks",
				);
				HEADER_SEARCH_PATHS = "$(inherited)";
				INFOPLIST_FILE = Optile.xcodeproj/Optile_Info.plist;
				IPHONEOS_DEPLOYMENT_TARGET = 10.0;
				LD_RUNPATH_SEARCH_PATHS = "$(inherited) $(TOOLCHAIN_DIR)/usr/lib/swift/macosx";
				MACOSX_DEPLOYMENT_TARGET = 10.10;
				OTHER_CFLAGS = "$(inherited)";
				OTHER_LDFLAGS = "$(inherited)";
				OTHER_SWIFT_FLAGS = "$(inherited)";
				PRODUCT_BUNDLE_IDENTIFIER = Optile;
				PRODUCT_MODULE_NAME = "$(TARGET_NAME:c99extidentifier)";
				PRODUCT_NAME = "$(TARGET_NAME:c99extidentifier)";
				SKIP_INSTALL = YES;
				SWIFT_ACTIVE_COMPILATION_CONDITIONS = "$(inherited)";
				SWIFT_VERSION = 5.0;
				TARGET_NAME = Optile;
				TVOS_DEPLOYMENT_TARGET = 9.0;
				WATCHOS_DEPLOYMENT_TARGET = 2.0;
			};
			name = Release;
		};
		OBJ_252 /* Debug */ = {
			isa = XCBuildConfiguration;
			buildSettings = {
				LD = /usr/bin/true;
				OTHER_SWIFT_FLAGS = "-swift-version 5 -I $(TOOLCHAIN_DIR)/usr/lib/swift/pm/4_2 -target x86_64-apple-macosx10.10 -sdk /Applications/Xcode.app/Contents/Developer/Platforms/MacOSX.platform/Developer/SDKs/MacOSX10.15.sdk -package-description-version 5.1";
				SWIFT_VERSION = 5.0;
			};
			name = Debug;
		};
		OBJ_253 /* Release */ = {
			isa = XCBuildConfiguration;
			buildSettings = {
				LD = /usr/bin/true;
				OTHER_SWIFT_FLAGS = "-swift-version 5 -I $(TOOLCHAIN_DIR)/usr/lib/swift/pm/4_2 -target x86_64-apple-macosx10.10 -sdk /Applications/Xcode.app/Contents/Developer/Platforms/MacOSX.platform/Developer/SDKs/MacOSX10.15.sdk -package-description-version 5.1";
				SWIFT_VERSION = 5.0;
			};
			name = Release;
		};
		OBJ_258 /* Debug */ = {
			isa = XCBuildConfiguration;
			buildSettings = {
			};
			name = Debug;
		};
		OBJ_259 /* Release */ = {
			isa = XCBuildConfiguration;
			buildSettings = {
			};
			name = Release;
		};
		OBJ_263 /* Debug */ = {
			isa = XCBuildConfiguration;
			buildSettings = {
				ALWAYS_EMBED_SWIFT_STANDARD_LIBRARIES = YES;
				CLANG_ENABLE_MODULES = YES;
				EMBEDDED_CONTENT_CONTAINS_SWIFT = YES;
				FRAMEWORK_SEARCH_PATHS = (
					"$(inherited)",
					"$(PLATFORM_DIR)/Developer/Library/Frameworks",
				);
				HEADER_SEARCH_PATHS = "$(inherited)";
				INFOPLIST_FILE = Optile.xcodeproj/Tests_Info.plist;
				IPHONEOS_DEPLOYMENT_TARGET = 10.0;
				LD_RUNPATH_SEARCH_PATHS = "$(inherited) @loader_path/../Frameworks @loader_path/Frameworks";
				MACOSX_DEPLOYMENT_TARGET = 10.10;
				OTHER_CFLAGS = "$(inherited)";
				OTHER_LDFLAGS = "$(inherited)";
				OTHER_SWIFT_FLAGS = "$(inherited)";
				SWIFT_ACTIVE_COMPILATION_CONDITIONS = "$(inherited)";
				SWIFT_VERSION = 5.0;
				TARGET_NAME = Tests;
				TVOS_DEPLOYMENT_TARGET = 9.0;
				WATCHOS_DEPLOYMENT_TARGET = 2.0;
			};
			name = Debug;
		};
		OBJ_264 /* Release */ = {
			isa = XCBuildConfiguration;
			buildSettings = {
				ALWAYS_EMBED_SWIFT_STANDARD_LIBRARIES = YES;
				CLANG_ENABLE_MODULES = YES;
				EMBEDDED_CONTENT_CONTAINS_SWIFT = YES;
				FRAMEWORK_SEARCH_PATHS = (
					"$(inherited)",
					"$(PLATFORM_DIR)/Developer/Library/Frameworks",
				);
				HEADER_SEARCH_PATHS = "$(inherited)";
				INFOPLIST_FILE = Optile.xcodeproj/Tests_Info.plist;
				IPHONEOS_DEPLOYMENT_TARGET = 10.0;
				LD_RUNPATH_SEARCH_PATHS = "$(inherited) @loader_path/../Frameworks @loader_path/Frameworks";
				MACOSX_DEPLOYMENT_TARGET = 10.10;
				OTHER_CFLAGS = "$(inherited)";
				OTHER_LDFLAGS = "$(inherited)";
				OTHER_SWIFT_FLAGS = "$(inherited)";
				SWIFT_ACTIVE_COMPILATION_CONDITIONS = "$(inherited)";
				SWIFT_VERSION = 5.0;
				TARGET_NAME = Tests;
				TVOS_DEPLOYMENT_TARGET = 9.0;
				WATCHOS_DEPLOYMENT_TARGET = 2.0;
			};
			name = Release;
		};
		OBJ_3 /* Debug */ = {
			isa = XCBuildConfiguration;
			buildSettings = {
				CLANG_ENABLE_OBJC_ARC = YES;
				COMBINE_HIDPI_IMAGES = YES;
				COPY_PHASE_STRIP = NO;
				DEBUG_INFORMATION_FORMAT = dwarf;
				DYLIB_INSTALL_NAME_BASE = "@rpath";
				ENABLE_NS_ASSERTIONS = YES;
				GCC_OPTIMIZATION_LEVEL = 0;
				GCC_PREPROCESSOR_DEFINITIONS = (
					"$(inherited)",
					"SWIFT_PACKAGE=1",
					"DEBUG=1",
				);
				MACOSX_DEPLOYMENT_TARGET = 10.10;
				ONLY_ACTIVE_ARCH = YES;
				OTHER_SWIFT_FLAGS = "$(inherited) -DXcode";
				PRODUCT_NAME = "$(TARGET_NAME)";
				SDKROOT = macosx;
				SUPPORTED_PLATFORMS = "macosx iphoneos iphonesimulator appletvos appletvsimulator watchos watchsimulator";
				SWIFT_ACTIVE_COMPILATION_CONDITIONS = "$(inherited) SWIFT_PACKAGE DEBUG";
				SWIFT_OPTIMIZATION_LEVEL = "-Onone";
				USE_HEADERMAP = NO;
			};
			name = Debug;
		};
		OBJ_4 /* Release */ = {
			isa = XCBuildConfiguration;
			buildSettings = {
				CLANG_ENABLE_OBJC_ARC = YES;
				COMBINE_HIDPI_IMAGES = YES;
				COPY_PHASE_STRIP = YES;
				DEBUG_INFORMATION_FORMAT = "dwarf-with-dsym";
				DYLIB_INSTALL_NAME_BASE = "@rpath";
				GCC_OPTIMIZATION_LEVEL = s;
				GCC_PREPROCESSOR_DEFINITIONS = (
					"$(inherited)",
					"SWIFT_PACKAGE=1",
				);
				MACOSX_DEPLOYMENT_TARGET = 10.10;
				OTHER_SWIFT_FLAGS = "$(inherited) -DXcode";
				PRODUCT_NAME = "$(TARGET_NAME)";
				SDKROOT = macosx;
				SUPPORTED_PLATFORMS = "macosx iphoneos iphonesimulator appletvos appletvsimulator watchos watchsimulator";
				SWIFT_ACTIVE_COMPILATION_CONDITIONS = "$(inherited) SWIFT_PACKAGE";
				SWIFT_OPTIMIZATION_LEVEL = "-Owholemodule";
				USE_HEADERMAP = NO;
			};
			name = Release;
		};
/* End XCBuildConfiguration section */

/* Begin XCConfigurationList section */
		OBJ_155 /* Build configuration list for PBXNativeTarget "Optile" */ = {
			isa = XCConfigurationList;
			buildConfigurations = (
				OBJ_156 /* Debug */,
				OBJ_157 /* Release */,
			);
			defaultConfigurationIsVisible = 0;
			defaultConfigurationName = Release;
		};
		OBJ_2 /* Build configuration list for PBXProject "Optile" */ = {
			isa = XCConfigurationList;
			buildConfigurations = (
				OBJ_3 /* Debug */,
				OBJ_4 /* Release */,
			);
			defaultConfigurationIsVisible = 0;
			defaultConfigurationName = Release;
		};
		OBJ_251 /* Build configuration list for PBXNativeTarget "OptilePackageDescription" */ = {
			isa = XCConfigurationList;
			buildConfigurations = (
				OBJ_252 /* Debug */,
				OBJ_253 /* Release */,
			);
			defaultConfigurationIsVisible = 0;
			defaultConfigurationName = Release;
		};
		OBJ_257 /* Build configuration list for PBXAggregateTarget "OptilePackageTests" */ = {
			isa = XCConfigurationList;
			buildConfigurations = (
				OBJ_258 /* Debug */,
				OBJ_259 /* Release */,
			);
			defaultConfigurationIsVisible = 0;
			defaultConfigurationName = Release;
		};
		OBJ_262 /* Build configuration list for PBXNativeTarget "Tests" */ = {
			isa = XCConfigurationList;
			buildConfigurations = (
				OBJ_263 /* Debug */,
				OBJ_264 /* Release */,
			);
			defaultConfigurationIsVisible = 0;
			defaultConfigurationName = Release;
		};
/* End XCConfigurationList section */
	};
	rootObject = OBJ_1 /* Project object */;
}
