// !$*UTF8*$!
{
	archiveVersion = 1;
	classes = {
	};
	objectVersion = 46;
	objects = {

/* Begin PBXAggregateTarget section */
		"Optile::Optile::ProductTarget" /* Optile */ = {
			isa = PBXAggregateTarget;
			buildConfigurationList = OBJ_119 /* Build configuration list for PBXAggregateTarget "Optile" */;
			buildPhases = (
			);
			dependencies = (
				OBJ_122 /* PBXTargetDependency */,
			);
			name = Optile;
			productName = Optile;
		};
		"Optile::OptilePackageTests::ProductTarget" /* OptilePackageTests */ = {
			isa = PBXAggregateTarget;
			buildConfigurationList = OBJ_131 /* Build configuration list for PBXAggregateTarget "OptilePackageTests" */;
			buildPhases = (
			);
			dependencies = (
				OBJ_134 /* PBXTargetDependency */,
			);
			name = OptilePackageTests;
			productName = OptilePackageTests;
		};
/* End PBXAggregateTarget section */

/* Begin PBXBuildFile section */
		OBJ_129 /* Package.swift in Sources */ = {isa = PBXBuildFile; fileRef = OBJ_6 /* Package.swift */; };
		OBJ_140 /* InternalError.swift in Sources */ = {isa = PBXBuildFile; fileRef = OBJ_9 /* InternalError.swift */; };
		OBJ_141 /* log.swift in Sources */ = {isa = PBXBuildFile; fileRef = OBJ_10 /* log.swift */; };
		OBJ_142 /* LocalizableInteraction+Localizable.swift in Sources */ = {isa = PBXBuildFile; fileRef = OBJ_13 /* LocalizableInteraction+Localizable.swift */; };
		OBJ_143 /* PaymentNetwork+Localizable.swift in Sources */ = {isa = PBXBuildFile; fileRef = OBJ_14 /* PaymentNetwork+Localizable.swift */; };
		OBJ_144 /* LocalizeModelOperation.swift in Sources */ = {isa = PBXBuildFile; fileRef = OBJ_15 /* LocalizeModelOperation.swift */; };
		OBJ_145 /* Localizer.swift in Sources */ = {isa = PBXBuildFile; fileRef = OBJ_16 /* Localizer.swift */; };
		OBJ_146 /* Localizable.swift in Sources */ = {isa = PBXBuildFile; fileRef = OBJ_18 /* Localizable.swift */; };
		OBJ_147 /* LocalizationsProvider.swift in Sources */ = {isa = PBXBuildFile; fileRef = OBJ_19 /* LocalizationsProvider.swift */; };
		OBJ_148 /* SharedTranslationProvider.swift in Sources */ = {isa = PBXBuildFile; fileRef = OBJ_20 /* SharedTranslationProvider.swift */; };
		OBJ_149 /* LocalTranslation.swift in Sources */ = {isa = PBXBuildFile; fileRef = OBJ_22 /* LocalTranslation.swift */; };
		OBJ_150 /* AccountFormData.swift in Sources */ = {isa = PBXBuildFile; fileRef = OBJ_24 /* AccountFormData.swift */; };
		OBJ_151 /* AccountMask.swift in Sources */ = {isa = PBXBuildFile; fileRef = OBJ_25 /* AccountMask.swift */; };
		OBJ_152 /* AccountRegistration.swift in Sources */ = {isa = PBXBuildFile; fileRef = OBJ_26 /* AccountRegistration.swift */; };
		OBJ_153 /* ApplicableNetwork.swift in Sources */ = {isa = PBXBuildFile; fileRef = OBJ_27 /* ApplicableNetwork.swift */; };
		OBJ_154 /* Checkbox.swift in Sources */ = {isa = PBXBuildFile; fileRef = OBJ_28 /* Checkbox.swift */; };
		OBJ_155 /* CustomerFormData.swift in Sources */ = {isa = PBXBuildFile; fileRef = OBJ_29 /* CustomerFormData.swift */; };
		OBJ_156 /* ErrorInfo.swift in Sources */ = {isa = PBXBuildFile; fileRef = OBJ_30 /* ErrorInfo.swift */; };
		OBJ_157 /* ExtraElement.swift in Sources */ = {isa = PBXBuildFile; fileRef = OBJ_31 /* ExtraElement.swift */; };
		OBJ_158 /* ExtraElements.swift in Sources */ = {isa = PBXBuildFile; fileRef = OBJ_32 /* ExtraElements.swift */; };
		OBJ_159 /* FormData.swift in Sources */ = {isa = PBXBuildFile; fileRef = OBJ_33 /* FormData.swift */; };
		OBJ_160 /* InputElement.swift in Sources */ = {isa = PBXBuildFile; fileRef = OBJ_34 /* InputElement.swift */; };
		OBJ_161 /* InstallmentItem.swift in Sources */ = {isa = PBXBuildFile; fileRef = OBJ_35 /* InstallmentItem.swift */; };
		OBJ_162 /* Installments.swift in Sources */ = {isa = PBXBuildFile; fileRef = OBJ_36 /* Installments.swift */; };
		OBJ_163 /* InstallmentsPlan.swift in Sources */ = {isa = PBXBuildFile; fileRef = OBJ_37 /* InstallmentsPlan.swift */; };
		OBJ_164 /* Interaction.swift in Sources */ = {isa = PBXBuildFile; fileRef = OBJ_38 /* Interaction.swift */; };
		OBJ_165 /* ListResult.swift in Sources */ = {isa = PBXBuildFile; fileRef = OBJ_39 /* ListResult.swift */; };
		OBJ_166 /* Networks.swift in Sources */ = {isa = PBXBuildFile; fileRef = OBJ_40 /* Networks.swift */; };
		OBJ_167 /* Parameter.swift in Sources */ = {isa = PBXBuildFile; fileRef = OBJ_41 /* Parameter.swift */; };
		OBJ_168 /* PaymentAmount.swift in Sources */ = {isa = PBXBuildFile; fileRef = OBJ_42 /* PaymentAmount.swift */; };
		OBJ_169 /* PresetAccount.swift in Sources */ = {isa = PBXBuildFile; fileRef = OBJ_43 /* PresetAccount.swift */; };
		OBJ_170 /* Redirect.swift in Sources */ = {isa = PBXBuildFile; fileRef = OBJ_44 /* Redirect.swift */; };
		OBJ_171 /* SelectOption.swift in Sources */ = {isa = PBXBuildFile; fileRef = OBJ_45 /* SelectOption.swift */; };
		OBJ_172 /* Style.swift in Sources */ = {isa = PBXBuildFile; fileRef = OBJ_46 /* Style.swift */; };
		OBJ_173 /* HTTPMethod.swift in Sources */ = {isa = PBXBuildFile; fileRef = OBJ_48 /* HTTPMethod.swift */; };
		OBJ_174 /* AsynchronousOperation.swift in Sources */ = {isa = PBXBuildFile; fileRef = OBJ_50 /* AsynchronousOperation.swift */; };
		OBJ_175 /* SendRequestOperation.swift in Sources */ = {isa = PBXBuildFile; fileRef = OBJ_51 /* SendRequestOperation.swift */; };
		OBJ_176 /* Connection.swift in Sources */ = {isa = PBXBuildFile; fileRef = OBJ_53 /* Connection.swift */; };
		OBJ_177 /* GetRequest.swift in Sources */ = {isa = PBXBuildFile; fileRef = OBJ_54 /* GetRequest.swift */; };
		OBJ_178 /* Request.swift in Sources */ = {isa = PBXBuildFile; fileRef = OBJ_55 /* Request.swift */; };
		OBJ_179 /* DownloadData.swift in Sources */ = {isa = PBXBuildFile; fileRef = OBJ_57 /* DownloadData.swift */; };
		OBJ_180 /* DownloadLocalization.swift in Sources */ = {isa = PBXBuildFile; fileRef = OBJ_58 /* DownloadLocalization.swift */; };
		OBJ_181 /* GetListResult.swift in Sources */ = {isa = PBXBuildFile; fileRef = OBJ_59 /* GetListResult.swift */; };
		OBJ_182 /* URLSessionConnection.swift in Sources */ = {isa = PBXBuildFile; fileRef = OBJ_60 /* URLSessionConnection.swift */; };
		OBJ_183 /* Error+isRecoverableNetworkError.swift in Sources */ = {isa = PBXBuildFile; fileRef = OBJ_63 /* Error+isRecoverableNetworkError.swift */; };
		OBJ_184 /* mergeClosures.swift in Sources */ = {isa = PBXBuildFile; fileRef = OBJ_65 /* mergeClosures.swift */; };
		OBJ_185 /* PaymentListTableController.swift in Sources */ = {isa = PBXBuildFile; fileRef = OBJ_67 /* PaymentListTableController.swift */; };
		OBJ_186 /* PaymentListTableViewCell.swift in Sources */ = {isa = PBXBuildFile; fileRef = OBJ_68 /* PaymentListTableViewCell.swift */; };
		OBJ_187 /* LocalizableError.swift in Sources */ = {isa = PBXBuildFile; fileRef = OBJ_71 /* LocalizableError.swift */; };
		OBJ_188 /* PaymentError.swift in Sources */ = {isa = PBXBuildFile; fileRef = OBJ_72 /* PaymentError.swift */; };
		OBJ_189 /* LocalizableInteraction.swift in Sources */ = {isa = PBXBuildFile; fileRef = OBJ_73 /* LocalizableInteraction.swift */; };
		OBJ_190 /* PaymentNetwork.swift in Sources */ = {isa = PBXBuildFile; fileRef = OBJ_74 /* PaymentNetwork.swift */; };
		OBJ_191 /* PaymentSession.swift in Sources */ = {isa = PBXBuildFile; fileRef = OBJ_75 /* PaymentSession.swift */; };
		OBJ_192 /* DequeueableTableCell.swift in Sources */ = {isa = PBXBuildFile; fileRef = OBJ_77 /* DequeueableTableCell.swift */; };
		OBJ_193 /* DataDownloadProvider.swift in Sources */ = {isa = PBXBuildFile; fileRef = OBJ_80 /* DataDownloadProvider.swift */; };
		OBJ_194 /* PaymentSessionProvider.swift in Sources */ = {isa = PBXBuildFile; fileRef = OBJ_81 /* PaymentSessionProvider.swift */; };
		OBJ_195 /* PaymentSessionService.swift in Sources */ = {isa = PBXBuildFile; fileRef = OBJ_82 /* PaymentSessionService.swift */; };
		OBJ_196 /* PaymentListParameters.swift in Sources */ = {isa = PBXBuildFile; fileRef = OBJ_84 /* PaymentListParameters.swift */; };
		OBJ_197 /* PaymentListViewContoller.swift in Sources */ = {isa = PBXBuildFile; fileRef = OBJ_86 /* PaymentListViewContoller.swift */; };
		OBJ_198 /* PaymentNavigationController.swift in Sources */ = {isa = PBXBuildFile; fileRef = OBJ_87 /* PaymentNavigationController.swift */; };
		OBJ_204 /* URL+Example.swift in Sources */ = {isa = PBXBuildFile; fileRef = OBJ_90 /* URL+Example.swift */; };
		OBJ_205 /* XCTAttachment+subject.swift in Sources */ = {isa = PBXBuildFile; fileRef = OBJ_91 /* XCTAttachment+subject.swift */; };
		OBJ_206 /* XCTFail+Error.swift in Sources */ = {isa = PBXBuildFile; fileRef = OBJ_92 /* XCTFail+Error.swift */; };
		OBJ_207 /* LocalizeModelOperationTests.swift in Sources */ = {isa = PBXBuildFile; fileRef = OBJ_94 /* LocalizeModelOperationTests.swift */; };
		OBJ_208 /* SharedTranslationProviderTests.swift in Sources */ = {isa = PBXBuildFile; fileRef = OBJ_95 /* SharedTranslationProviderTests.swift */; };
		OBJ_209 /* MockFactory.ListResult.swift in Sources */ = {isa = PBXBuildFile; fileRef = OBJ_98 /* MockFactory.ListResult.swift */; };
		OBJ_210 /* MockFactory.Localization.swift in Sources */ = {isa = PBXBuildFile; fileRef = OBJ_99 /* MockFactory.Localization.swift */; };
		OBJ_211 /* MockFactory.swift in Sources */ = {isa = PBXBuildFile; fileRef = OBJ_100 /* MockFactory.swift */; };
		OBJ_212 /* MockConnection.swift in Sources */ = {isa = PBXBuildFile; fileRef = OBJ_101 /* MockConnection.swift */; };
		OBJ_213 /* MockDataSource.swift in Sources */ = {isa = PBXBuildFile; fileRef = OBJ_102 /* MockDataSource.swift */; };
		OBJ_214 /* TestError.swift in Sources */ = {isa = PBXBuildFile; fileRef = OBJ_103 /* TestError.swift */; };
		OBJ_215 /* NetworkTests.swift in Sources */ = {isa = PBXBuildFile; fileRef = OBJ_105 /* NetworkTests.swift */; };
		OBJ_216 /* XCTestManifests.swift in Sources */ = {isa = PBXBuildFile; fileRef = OBJ_106 /* XCTestManifests.swift */; };
		OBJ_217 /* DataDownloadProviderTests.swift in Sources */ = {isa = PBXBuildFile; fileRef = OBJ_110 /* DataDownloadProviderTests.swift */; };
		OBJ_218 /* PaymentSessionServiceTests.swift in Sources */ = {isa = PBXBuildFile; fileRef = OBJ_111 /* PaymentSessionServiceTests.swift */; };
		OBJ_220 /* Payment.framework in Frameworks */ = {isa = PBXBuildFile; fileRef = "Optile::Payment::Product" /* Payment.framework */; };
/* End PBXBuildFile section */

/* Begin PBXContainerItemProxy section */
		D9B338D223758D7C00188757 /* PBXContainerItemProxy */ = {
			isa = PBXContainerItemProxy;
			containerPortal = OBJ_1 /* Project object */;
			proxyType = 1;
			remoteGlobalIDString = "Optile::Payment";
			remoteInfo = Payment;
		};
		D9B338D3237592C500188757 /* PBXContainerItemProxy */ = {
			isa = PBXContainerItemProxy;
			containerPortal = OBJ_1 /* Project object */;
			proxyType = 1;
			remoteGlobalIDString = "Optile::Payment";
			remoteInfo = Payment;
		};
		D9B338D42375930F00188757 /* PBXContainerItemProxy */ = {
			isa = PBXContainerItemProxy;
			containerPortal = OBJ_1 /* Project object */;
			proxyType = 1;
			remoteGlobalIDString = "Optile::PaymentTests";
			remoteInfo = PaymentTests;
		};
/* End PBXContainerItemProxy section */

/* Begin PBXFileReference section */
		OBJ_10 /* log.swift */ = {isa = PBXFileReference; lastKnownFileType = sourcecode.swift; path = log.swift; sourceTree = "<group>"; };
		OBJ_100 /* MockFactory.swift */ = {isa = PBXFileReference; lastKnownFileType = sourcecode.swift; path = MockFactory.swift; sourceTree = "<group>"; };
		OBJ_101 /* MockConnection.swift */ = {isa = PBXFileReference; lastKnownFileType = sourcecode.swift; path = MockConnection.swift; sourceTree = "<group>"; };
		OBJ_102 /* MockDataSource.swift */ = {isa = PBXFileReference; lastKnownFileType = sourcecode.swift; path = MockDataSource.swift; sourceTree = "<group>"; };
		OBJ_103 /* TestError.swift */ = {isa = PBXFileReference; lastKnownFileType = sourcecode.swift; path = TestError.swift; sourceTree = "<group>"; };
		OBJ_105 /* NetworkTests.swift */ = {isa = PBXFileReference; lastKnownFileType = sourcecode.swift; path = NetworkTests.swift; sourceTree = "<group>"; };
		OBJ_106 /* XCTestManifests.swift */ = {isa = PBXFileReference; lastKnownFileType = sourcecode.swift; path = XCTestManifests.swift; sourceTree = "<group>"; };
		OBJ_110 /* DataDownloadProviderTests.swift */ = {isa = PBXFileReference; lastKnownFileType = sourcecode.swift; path = DataDownloadProviderTests.swift; sourceTree = "<group>"; };
		OBJ_111 /* PaymentSessionServiceTests.swift */ = {isa = PBXFileReference; lastKnownFileType = sourcecode.swift; path = PaymentSessionServiceTests.swift; sourceTree = "<group>"; };
		OBJ_115 /* Example */ = {isa = PBXFileReference; lastKnownFileType = folder; path = Example; sourceTree = SOURCE_ROOT; };
		OBJ_116 /* Optile.podspec */ = {isa = PBXFileReference; lastKnownFileType = text; path = Optile.podspec; sourceTree = "<group>"; };
		OBJ_117 /* README.md */ = {isa = PBXFileReference; lastKnownFileType = net.daringfireball.markdown; path = README.md; sourceTree = "<group>"; };
		OBJ_13 /* LocalizableInteraction+Localizable.swift */ = {isa = PBXFileReference; lastKnownFileType = sourcecode.swift; path = "LocalizableInteraction+Localizable.swift"; sourceTree = "<group>"; };
		OBJ_14 /* PaymentNetwork+Localizable.swift */ = {isa = PBXFileReference; lastKnownFileType = sourcecode.swift; path = "PaymentNetwork+Localizable.swift"; sourceTree = "<group>"; };
		OBJ_15 /* LocalizeModelOperation.swift */ = {isa = PBXFileReference; lastKnownFileType = sourcecode.swift; path = LocalizeModelOperation.swift; sourceTree = "<group>"; };
		OBJ_16 /* Localizer.swift */ = {isa = PBXFileReference; lastKnownFileType = sourcecode.swift; path = Localizer.swift; sourceTree = "<group>"; };
		OBJ_18 /* Localizable.swift */ = {isa = PBXFileReference; lastKnownFileType = sourcecode.swift; path = Localizable.swift; sourceTree = "<group>"; };
		OBJ_19 /* LocalizationsProvider.swift */ = {isa = PBXFileReference; lastKnownFileType = sourcecode.swift; path = LocalizationsProvider.swift; sourceTree = "<group>"; };
		OBJ_20 /* SharedTranslationProvider.swift */ = {isa = PBXFileReference; lastKnownFileType = sourcecode.swift; path = SharedTranslationProvider.swift; sourceTree = "<group>"; };
		OBJ_22 /* LocalTranslation.swift */ = {isa = PBXFileReference; lastKnownFileType = sourcecode.swift; path = LocalTranslation.swift; sourceTree = "<group>"; };
		OBJ_24 /* AccountFormData.swift */ = {isa = PBXFileReference; lastKnownFileType = sourcecode.swift; path = AccountFormData.swift; sourceTree = "<group>"; };
		OBJ_25 /* AccountMask.swift */ = {isa = PBXFileReference; lastKnownFileType = sourcecode.swift; path = AccountMask.swift; sourceTree = "<group>"; };
		OBJ_26 /* AccountRegistration.swift */ = {isa = PBXFileReference; lastKnownFileType = sourcecode.swift; path = AccountRegistration.swift; sourceTree = "<group>"; };
		OBJ_27 /* ApplicableNetwork.swift */ = {isa = PBXFileReference; lastKnownFileType = sourcecode.swift; path = ApplicableNetwork.swift; sourceTree = "<group>"; };
		OBJ_28 /* Checkbox.swift */ = {isa = PBXFileReference; lastKnownFileType = sourcecode.swift; path = Checkbox.swift; sourceTree = "<group>"; };
		OBJ_29 /* CustomerFormData.swift */ = {isa = PBXFileReference; lastKnownFileType = sourcecode.swift; path = CustomerFormData.swift; sourceTree = "<group>"; };
		OBJ_30 /* ErrorInfo.swift */ = {isa = PBXFileReference; lastKnownFileType = sourcecode.swift; path = ErrorInfo.swift; sourceTree = "<group>"; };
		OBJ_31 /* ExtraElement.swift */ = {isa = PBXFileReference; lastKnownFileType = sourcecode.swift; path = ExtraElement.swift; sourceTree = "<group>"; };
		OBJ_32 /* ExtraElements.swift */ = {isa = PBXFileReference; lastKnownFileType = sourcecode.swift; path = ExtraElements.swift; sourceTree = "<group>"; };
		OBJ_33 /* FormData.swift */ = {isa = PBXFileReference; lastKnownFileType = sourcecode.swift; path = FormData.swift; sourceTree = "<group>"; };
		OBJ_34 /* InputElement.swift */ = {isa = PBXFileReference; lastKnownFileType = sourcecode.swift; path = InputElement.swift; sourceTree = "<group>"; };
		OBJ_35 /* InstallmentItem.swift */ = {isa = PBXFileReference; lastKnownFileType = sourcecode.swift; path = InstallmentItem.swift; sourceTree = "<group>"; };
		OBJ_36 /* Installments.swift */ = {isa = PBXFileReference; lastKnownFileType = sourcecode.swift; path = Installments.swift; sourceTree = "<group>"; };
		OBJ_37 /* InstallmentsPlan.swift */ = {isa = PBXFileReference; lastKnownFileType = sourcecode.swift; path = InstallmentsPlan.swift; sourceTree = "<group>"; };
		OBJ_38 /* Interaction.swift */ = {isa = PBXFileReference; lastKnownFileType = sourcecode.swift; path = Interaction.swift; sourceTree = "<group>"; };
		OBJ_39 /* ListResult.swift */ = {isa = PBXFileReference; lastKnownFileType = sourcecode.swift; path = ListResult.swift; sourceTree = "<group>"; };
		OBJ_40 /* Networks.swift */ = {isa = PBXFileReference; lastKnownFileType = sourcecode.swift; path = Networks.swift; sourceTree = "<group>"; };
		OBJ_41 /* Parameter.swift */ = {isa = PBXFileReference; lastKnownFileType = sourcecode.swift; path = Parameter.swift; sourceTree = "<group>"; };
		OBJ_42 /* PaymentAmount.swift */ = {isa = PBXFileReference; lastKnownFileType = sourcecode.swift; path = PaymentAmount.swift; sourceTree = "<group>"; };
		OBJ_43 /* PresetAccount.swift */ = {isa = PBXFileReference; lastKnownFileType = sourcecode.swift; path = PresetAccount.swift; sourceTree = "<group>"; };
		OBJ_44 /* Redirect.swift */ = {isa = PBXFileReference; lastKnownFileType = sourcecode.swift; path = Redirect.swift; sourceTree = "<group>"; };
		OBJ_45 /* SelectOption.swift */ = {isa = PBXFileReference; lastKnownFileType = sourcecode.swift; path = SelectOption.swift; sourceTree = "<group>"; };
		OBJ_46 /* Style.swift */ = {isa = PBXFileReference; lastKnownFileType = sourcecode.swift; path = Style.swift; sourceTree = "<group>"; };
		OBJ_48 /* HTTPMethod.swift */ = {isa = PBXFileReference; lastKnownFileType = sourcecode.swift; path = HTTPMethod.swift; sourceTree = "<group>"; };
		OBJ_50 /* AsynchronousOperation.swift */ = {isa = PBXFileReference; lastKnownFileType = sourcecode.swift; path = AsynchronousOperation.swift; sourceTree = "<group>"; };
		OBJ_51 /* SendRequestOperation.swift */ = {isa = PBXFileReference; lastKnownFileType = sourcecode.swift; path = SendRequestOperation.swift; sourceTree = "<group>"; };
		OBJ_53 /* Connection.swift */ = {isa = PBXFileReference; lastKnownFileType = sourcecode.swift; path = Connection.swift; sourceTree = "<group>"; };
		OBJ_54 /* GetRequest.swift */ = {isa = PBXFileReference; lastKnownFileType = sourcecode.swift; path = GetRequest.swift; sourceTree = "<group>"; };
		OBJ_55 /* Request.swift */ = {isa = PBXFileReference; lastKnownFileType = sourcecode.swift; path = Request.swift; sourceTree = "<group>"; };
		OBJ_57 /* DownloadData.swift */ = {isa = PBXFileReference; lastKnownFileType = sourcecode.swift; path = DownloadData.swift; sourceTree = "<group>"; };
		OBJ_58 /* DownloadLocalization.swift */ = {isa = PBXFileReference; lastKnownFileType = sourcecode.swift; path = DownloadLocalization.swift; sourceTree = "<group>"; };
		OBJ_59 /* GetListResult.swift */ = {isa = PBXFileReference; lastKnownFileType = sourcecode.swift; path = GetListResult.swift; sourceTree = "<group>"; };
		OBJ_6 /* Package.swift */ = {isa = PBXFileReference; explicitFileType = sourcecode.swift; path = Package.swift; sourceTree = "<group>"; };
		OBJ_60 /* URLSessionConnection.swift */ = {isa = PBXFileReference; lastKnownFileType = sourcecode.swift; path = URLSessionConnection.swift; sourceTree = "<group>"; };
		OBJ_63 /* Error+isRecoverableNetworkError.swift */ = {isa = PBXFileReference; lastKnownFileType = sourcecode.swift; path = "Error+isRecoverableNetworkError.swift"; sourceTree = "<group>"; };
		OBJ_65 /* mergeClosures.swift */ = {isa = PBXFileReference; lastKnownFileType = sourcecode.swift; path = mergeClosures.swift; sourceTree = "<group>"; };
		OBJ_67 /* PaymentListTableController.swift */ = {isa = PBXFileReference; lastKnownFileType = sourcecode.swift; path = PaymentListTableController.swift; sourceTree = "<group>"; };
		OBJ_68 /* PaymentListTableViewCell.swift */ = {isa = PBXFileReference; lastKnownFileType = sourcecode.swift; path = PaymentListTableViewCell.swift; sourceTree = "<group>"; };
		OBJ_71 /* LocalizableError.swift */ = {isa = PBXFileReference; lastKnownFileType = sourcecode.swift; path = LocalizableError.swift; sourceTree = "<group>"; };
		OBJ_72 /* PaymentError.swift */ = {isa = PBXFileReference; lastKnownFileType = sourcecode.swift; path = PaymentError.swift; sourceTree = "<group>"; };
		OBJ_73 /* LocalizableInteraction.swift */ = {isa = PBXFileReference; lastKnownFileType = sourcecode.swift; path = LocalizableInteraction.swift; sourceTree = "<group>"; };
		OBJ_74 /* PaymentNetwork.swift */ = {isa = PBXFileReference; lastKnownFileType = sourcecode.swift; path = PaymentNetwork.swift; sourceTree = "<group>"; };
		OBJ_75 /* PaymentSession.swift */ = {isa = PBXFileReference; lastKnownFileType = sourcecode.swift; path = PaymentSession.swift; sourceTree = "<group>"; };
		OBJ_77 /* DequeueableTableCell.swift */ = {isa = PBXFileReference; lastKnownFileType = sourcecode.swift; path = DequeueableTableCell.swift; sourceTree = "<group>"; };
		OBJ_80 /* DataDownloadProvider.swift */ = {isa = PBXFileReference; lastKnownFileType = sourcecode.swift; path = DataDownloadProvider.swift; sourceTree = "<group>"; };
		OBJ_81 /* PaymentSessionProvider.swift */ = {isa = PBXFileReference; lastKnownFileType = sourcecode.swift; path = PaymentSessionProvider.swift; sourceTree = "<group>"; };
		OBJ_82 /* PaymentSessionService.swift */ = {isa = PBXFileReference; lastKnownFileType = sourcecode.swift; path = PaymentSessionService.swift; sourceTree = "<group>"; };
		OBJ_84 /* PaymentListParameters.swift */ = {isa = PBXFileReference; lastKnownFileType = sourcecode.swift; path = PaymentListParameters.swift; sourceTree = "<group>"; };
		OBJ_86 /* PaymentListViewContoller.swift */ = {isa = PBXFileReference; lastKnownFileType = sourcecode.swift; path = PaymentListViewContoller.swift; sourceTree = "<group>"; };
		OBJ_87 /* PaymentNavigationController.swift */ = {isa = PBXFileReference; lastKnownFileType = sourcecode.swift; path = PaymentNavigationController.swift; sourceTree = "<group>"; };
		OBJ_9 /* InternalError.swift */ = {isa = PBXFileReference; lastKnownFileType = sourcecode.swift; path = InternalError.swift; sourceTree = "<group>"; };
		OBJ_90 /* URL+Example.swift */ = {isa = PBXFileReference; lastKnownFileType = sourcecode.swift; path = "URL+Example.swift"; sourceTree = "<group>"; };
		OBJ_91 /* XCTAttachment+subject.swift */ = {isa = PBXFileReference; lastKnownFileType = sourcecode.swift; path = "XCTAttachment+subject.swift"; sourceTree = "<group>"; };
		OBJ_92 /* XCTFail+Error.swift */ = {isa = PBXFileReference; lastKnownFileType = sourcecode.swift; path = "XCTFail+Error.swift"; sourceTree = "<group>"; };
		OBJ_94 /* LocalizeModelOperationTests.swift */ = {isa = PBXFileReference; lastKnownFileType = sourcecode.swift; path = LocalizeModelOperationTests.swift; sourceTree = "<group>"; };
		OBJ_95 /* SharedTranslationProviderTests.swift */ = {isa = PBXFileReference; lastKnownFileType = sourcecode.swift; path = SharedTranslationProviderTests.swift; sourceTree = "<group>"; };
		OBJ_98 /* MockFactory.ListResult.swift */ = {isa = PBXFileReference; lastKnownFileType = sourcecode.swift; path = MockFactory.ListResult.swift; sourceTree = "<group>"; };
		OBJ_99 /* MockFactory.Localization.swift */ = {isa = PBXFileReference; lastKnownFileType = sourcecode.swift; path = MockFactory.Localization.swift; sourceTree = "<group>"; };
		"Optile::Payment::Product" /* Payment.framework */ = {isa = PBXFileReference; lastKnownFileType = wrapper.framework; path = Payment.framework; sourceTree = BUILT_PRODUCTS_DIR; };
		"Optile::PaymentTests::Product" /* PaymentTests.xctest */ = {isa = PBXFileReference; lastKnownFileType = file; path = PaymentTests.xctest; sourceTree = BUILT_PRODUCTS_DIR; };
/* End PBXFileReference section */

/* Begin PBXFrameworksBuildPhase section */
		OBJ_199 /* Frameworks */ = {
			isa = PBXFrameworksBuildPhase;
			buildActionMask = 0;
			files = (
			);
			runOnlyForDeploymentPostprocessing = 0;
		};
		OBJ_219 /* Frameworks */ = {
			isa = PBXFrameworksBuildPhase;
			buildActionMask = 0;
			files = (
				OBJ_220 /* Payment.framework in Frameworks */,
			);
			runOnlyForDeploymentPostprocessing = 0;
		};
/* End PBXFrameworksBuildPhase section */

/* Begin PBXGroup section */
		OBJ_104 /* Network */ = {
			isa = PBXGroup;
			children = (
				OBJ_105 /* NetworkTests.swift */,
				OBJ_106 /* XCTestManifests.swift */,
			);
			path = Network;
			sourceTree = "<group>";
		};
		OBJ_107 /* UI */ = {
			isa = PBXGroup;
			children = (
				OBJ_108 /* Service */,
			);
			path = UI;
			sourceTree = "<group>";
		};
		OBJ_108 /* Service */ = {
			isa = PBXGroup;
			children = (
				OBJ_109 /* Payment Session */,
			);
			path = Service;
			sourceTree = "<group>";
		};
		OBJ_109 /* Payment Session */ = {
			isa = PBXGroup;
			children = (
				OBJ_110 /* DataDownloadProviderTests.swift */,
				OBJ_111 /* PaymentSessionServiceTests.swift */,
			);
			path = "Payment Session";
			sourceTree = "<group>";
		};
		OBJ_11 /* Localization */ = {
			isa = PBXGroup;
			children = (
				OBJ_12 /* Localization Keys */,
				OBJ_15 /* LocalizeModelOperation.swift */,
				OBJ_16 /* Localizer.swift */,
				OBJ_17 /* Protocols */,
				OBJ_20 /* SharedTranslationProvider.swift */,
				OBJ_21 /* Strings */,
			);
			path = Localization;
			sourceTree = "<group>";
		};
		OBJ_112 /* Products */ = {
			isa = PBXGroup;
			children = (
				"Optile::Payment::Product" /* Payment.framework */,
				"Optile::PaymentTests::Product" /* PaymentTests.xctest */,
			);
			name = Products;
			sourceTree = BUILT_PRODUCTS_DIR;
		};
		OBJ_12 /* Localization Keys */ = {
			isa = PBXGroup;
			children = (
				OBJ_13 /* LocalizableInteraction+Localizable.swift */,
				OBJ_14 /* PaymentNetwork+Localizable.swift */,
			);
			path = "Localization Keys";
			sourceTree = "<group>";
		};
		OBJ_17 /* Protocols */ = {
			isa = PBXGroup;
			children = (
				OBJ_18 /* Localizable.swift */,
				OBJ_19 /* LocalizationsProvider.swift */,
			);
			path = Protocols;
			sourceTree = "<group>";
		};
		OBJ_21 /* Strings */ = {
			isa = PBXGroup;
			children = (
				OBJ_22 /* LocalTranslation.swift */,
			);
			path = Strings;
			sourceTree = "<group>";
		};
		OBJ_23 /* Model */ = {
			isa = PBXGroup;
			children = (
				OBJ_24 /* AccountFormData.swift */,
				OBJ_25 /* AccountMask.swift */,
				OBJ_26 /* AccountRegistration.swift */,
				OBJ_27 /* ApplicableNetwork.swift */,
				OBJ_28 /* Checkbox.swift */,
				OBJ_29 /* CustomerFormData.swift */,
				OBJ_30 /* ErrorInfo.swift */,
				OBJ_31 /* ExtraElement.swift */,
				OBJ_32 /* ExtraElements.swift */,
				OBJ_33 /* FormData.swift */,
				OBJ_34 /* InputElement.swift */,
				OBJ_35 /* InstallmentItem.swift */,
				OBJ_36 /* Installments.swift */,
				OBJ_37 /* InstallmentsPlan.swift */,
				OBJ_38 /* Interaction.swift */,
				OBJ_39 /* ListResult.swift */,
				OBJ_40 /* Networks.swift */,
				OBJ_41 /* Parameter.swift */,
				OBJ_42 /* PaymentAmount.swift */,
				OBJ_43 /* PresetAccount.swift */,
				OBJ_44 /* Redirect.swift */,
				OBJ_45 /* SelectOption.swift */,
				OBJ_46 /* Style.swift */,
			);
			path = Model;
			sourceTree = "<group>";
		};
		OBJ_47 /* Network */ = {
			isa = PBXGroup;
			children = (
				OBJ_48 /* HTTPMethod.swift */,
				OBJ_49 /* Operations */,
				OBJ_52 /* Protocols */,
				OBJ_56 /* Requests */,
				OBJ_60 /* URLSessionConnection.swift */,
			);
			path = Network;
			sourceTree = "<group>";
		};
		OBJ_49 /* Operations */ = {
			isa = PBXGroup;
			children = (
				OBJ_50 /* AsynchronousOperation.swift */,
				OBJ_51 /* SendRequestOperation.swift */,
			);
			path = Operations;
			sourceTree = "<group>";
		};
		OBJ_5 /*  */ = {
			isa = PBXGroup;
			children = (
				OBJ_6 /* Package.swift */,
				OBJ_7 /* Sources */,
				OBJ_88 /* Tests */,
				OBJ_112 /* Products */,
				OBJ_115 /* Example */,
				OBJ_116 /* Optile.podspec */,
				OBJ_117 /* README.md */,
			);
			name = "";
			sourceTree = "<group>";
		};
		OBJ_52 /* Protocols */ = {
			isa = PBXGroup;
			children = (
				OBJ_53 /* Connection.swift */,
				OBJ_54 /* GetRequest.swift */,
				OBJ_55 /* Request.swift */,
			);
			path = Protocols;
			sourceTree = "<group>";
		};
		OBJ_56 /* Requests */ = {
			isa = PBXGroup;
			children = (
				OBJ_57 /* DownloadData.swift */,
				OBJ_58 /* DownloadLocalization.swift */,
				OBJ_59 /* GetListResult.swift */,
			);
			path = Requests;
			sourceTree = "<group>";
		};
		OBJ_61 /* UI */ = {
			isa = PBXGroup;
			children = (
				OBJ_62 /* Core */,
				OBJ_66 /* List */,
				OBJ_69 /* Model */,
				OBJ_76 /* Protocols */,
				OBJ_78 /* Service */,
				OBJ_83 /* Theme */,
				OBJ_85 /* View Controller */,
			);
			path = UI;
			sourceTree = "<group>";
		};
		OBJ_62 /* Core */ = {
			isa = PBXGroup;
			children = (
				OBJ_63 /* Error+isRecoverableNetworkError.swift */,
				OBJ_64 /* Infix */,
			);
			path = Core;
			sourceTree = "<group>";
		};
		OBJ_64 /* Infix */ = {
			isa = PBXGroup;
			children = (
				OBJ_65 /* mergeClosures.swift */,
			);
			path = Infix;
			sourceTree = "<group>";
		};
		OBJ_66 /* List */ = {
			isa = PBXGroup;
			children = (
				OBJ_67 /* PaymentListTableController.swift */,
				OBJ_68 /* PaymentListTableViewCell.swift */,
			);
			path = List;
			sourceTree = "<group>";
		};
		OBJ_69 /* Model */ = {
			isa = PBXGroup;
			children = (
				OBJ_70 /* Errors */,
				OBJ_73 /* LocalizableInteraction.swift */,
				OBJ_74 /* PaymentNetwork.swift */,
				OBJ_75 /* PaymentSession.swift */,
			);
			path = Model;
			sourceTree = "<group>";
		};
		OBJ_7 /* Sources */ = {
			isa = PBXGroup;
			children = (
				OBJ_8 /* Core */,
				OBJ_11 /* Localization */,
				OBJ_23 /* Model */,
				OBJ_47 /* Network */,
				OBJ_61 /* UI */,
			);
			path = Sources;
			sourceTree = SOURCE_ROOT;
		};
		OBJ_70 /* Errors */ = {
			isa = PBXGroup;
			children = (
				OBJ_71 /* LocalizableError.swift */,
				OBJ_72 /* PaymentError.swift */,
			);
			path = Errors;
			sourceTree = "<group>";
		};
		OBJ_76 /* Protocols */ = {
			isa = PBXGroup;
			children = (
				OBJ_77 /* DequeueableTableCell.swift */,
			);
			path = Protocols;
			sourceTree = "<group>";
		};
		OBJ_78 /* Service */ = {
			isa = PBXGroup;
			children = (
				OBJ_79 /* Payment Session */,
			);
			path = Service;
			sourceTree = "<group>";
		};
		OBJ_79 /* Payment Session */ = {
			isa = PBXGroup;
			children = (
				OBJ_80 /* DataDownloadProvider.swift */,
				OBJ_81 /* PaymentSessionProvider.swift */,
				OBJ_82 /* PaymentSessionService.swift */,
			);
			path = "Payment Session";
			sourceTree = "<group>";
		};
		OBJ_8 /* Core */ = {
			isa = PBXGroup;
			children = (
				OBJ_9 /* InternalError.swift */,
				OBJ_10 /* log.swift */,
			);
			path = Core;
			sourceTree = "<group>";
		};
		OBJ_83 /* Theme */ = {
			isa = PBXGroup;
			children = (
				OBJ_84 /* PaymentListParameters.swift */,
			);
			path = Theme;
			sourceTree = "<group>";
		};
		OBJ_85 /* View Controller */ = {
			isa = PBXGroup;
			children = (
				OBJ_86 /* PaymentListViewContoller.swift */,
				OBJ_87 /* PaymentNavigationController.swift */,
			);
			path = "View Controller";
			sourceTree = "<group>";
		};
		OBJ_88 /* Tests */ = {
			isa = PBXGroup;
			children = (
				OBJ_89 /* Helpers */,
				OBJ_93 /* Localization */,
				OBJ_96 /* Mock */,
				OBJ_104 /* Network */,
				OBJ_107 /* UI */,
			);
			path = Tests;
			sourceTree = SOURCE_ROOT;
		};
		OBJ_89 /* Helpers */ = {
			isa = PBXGroup;
			children = (
				OBJ_90 /* URL+Example.swift */,
				OBJ_91 /* XCTAttachment+subject.swift */,
				OBJ_92 /* XCTFail+Error.swift */,
			);
			path = Helpers;
			sourceTree = "<group>";
		};
		OBJ_93 /* Localization */ = {
			isa = PBXGroup;
			children = (
				OBJ_94 /* LocalizeModelOperationTests.swift */,
				OBJ_95 /* SharedTranslationProviderTests.swift */,
			);
			path = Localization;
			sourceTree = "<group>";
		};
		OBJ_96 /* Mock */ = {
			isa = PBXGroup;
			children = (
				OBJ_97 /* Factory */,
				OBJ_101 /* MockConnection.swift */,
				OBJ_102 /* MockDataSource.swift */,
				OBJ_103 /* TestError.swift */,
			);
			path = Mock;
			sourceTree = "<group>";
		};
		OBJ_97 /* Factory */ = {
			isa = PBXGroup;
			children = (
				OBJ_98 /* MockFactory.ListResult.swift */,
				OBJ_99 /* MockFactory.Localization.swift */,
				OBJ_100 /* MockFactory.swift */,
			);
			path = Factory;
			sourceTree = "<group>";
		};
/* End PBXGroup section */

/* Begin PBXNativeTarget section */
		"Optile::Payment" /* Payment */ = {
			isa = PBXNativeTarget;
			buildConfigurationList = OBJ_136 /* Build configuration list for PBXNativeTarget "Payment" */;
			buildPhases = (
				OBJ_139 /* Sources */,
				OBJ_199 /* Frameworks */,
				D9B338D62375937400188757 /* SwiftLint */,
			);
			buildRules = (
			);
			dependencies = (
			);
			name = Payment;
			productName = Payment;
			productReference = "Optile::Payment::Product" /* Payment.framework */;
			productType = "com.apple.product-type.framework";
		};
		"Optile::PaymentTests" /* PaymentTests */ = {
			isa = PBXNativeTarget;
			buildConfigurationList = OBJ_200 /* Build configuration list for PBXNativeTarget "PaymentTests" */;
			buildPhases = (
				OBJ_203 /* Sources */,
				OBJ_219 /* Frameworks */,
			);
			buildRules = (
			);
			dependencies = (
				OBJ_221 /* PBXTargetDependency */,
			);
			name = PaymentTests;
			productName = PaymentTests;
			productReference = "Optile::PaymentTests::Product" /* PaymentTests.xctest */;
			productType = "com.apple.product-type.bundle.unit-test";
		};
		"Optile::SwiftPMPackageDescription" /* OptilePackageDescription */ = {
			isa = PBXNativeTarget;
			buildConfigurationList = OBJ_125 /* Build configuration list for PBXNativeTarget "OptilePackageDescription" */;
			buildPhases = (
				OBJ_128 /* Sources */,
			);
			buildRules = (
			);
			dependencies = (
			);
			name = OptilePackageDescription;
			productName = OptilePackageDescription;
			productType = "com.apple.product-type.framework";
		};
/* End PBXNativeTarget section */

/* Begin PBXProject section */
		OBJ_1 /* Project object */ = {
			isa = PBXProject;
			attributes = {
				LastSwiftMigration = 9999;
				LastUpgradeCheck = 9999;
			};
			buildConfigurationList = OBJ_2 /* Build configuration list for PBXProject "Optile" */;
			compatibilityVersion = "Xcode 3.2";
			developmentRegion = en;
			hasScannedForEncodings = 0;
			knownRegions = (
				en,
			);
			mainGroup = OBJ_5 /*  */;
			productRefGroup = OBJ_112 /* Products */;
			projectDirPath = "";
			projectRoot = "";
			targets = (
				"Optile::Optile::ProductTarget" /* Optile */,
				"Optile::SwiftPMPackageDescription" /* OptilePackageDescription */,
				"Optile::OptilePackageTests::ProductTarget" /* OptilePackageTests */,
				"Optile::Payment" /* Payment */,
				"Optile::PaymentTests" /* PaymentTests */,
			);
		};
/* End PBXProject section */

/* Begin PBXShellScriptBuildPhase section */
		D9B338D62375937400188757 /* SwiftLint */ = {
			isa = PBXShellScriptBuildPhase;
			buildActionMask = 2147483647;
			files = (
			);
			inputFileListPaths = (
			);
			inputPaths = (
			);
			name = SwiftLint;
			outputFileListPaths = (
			);
			outputPaths = (
			);
			runOnlyForDeploymentPostprocessing = 0;
			shellPath = /bin/sh;
			shellScript = "swift run swiftlint\n";
			showEnvVarsInLog = 0;
		};
/* End PBXShellScriptBuildPhase section */

/* Begin PBXSourcesBuildPhase section */
		OBJ_128 /* Sources */ = {
			isa = PBXSourcesBuildPhase;
			buildActionMask = 0;
			files = (
				OBJ_129 /* Package.swift in Sources */,
			);
			runOnlyForDeploymentPostprocessing = 0;
		};
		OBJ_139 /* Sources */ = {
			isa = PBXSourcesBuildPhase;
			buildActionMask = 0;
			files = (
				OBJ_140 /* InternalError.swift in Sources */,
				OBJ_141 /* log.swift in Sources */,
				OBJ_142 /* LocalizableInteraction+Localizable.swift in Sources */,
				OBJ_143 /* PaymentNetwork+Localizable.swift in Sources */,
				OBJ_144 /* LocalizeModelOperation.swift in Sources */,
				OBJ_145 /* Localizer.swift in Sources */,
				OBJ_146 /* Localizable.swift in Sources */,
				OBJ_147 /* LocalizationsProvider.swift in Sources */,
				OBJ_148 /* SharedTranslationProvider.swift in Sources */,
				OBJ_149 /* LocalTranslation.swift in Sources */,
				OBJ_150 /* AccountFormData.swift in Sources */,
				OBJ_151 /* AccountMask.swift in Sources */,
				OBJ_152 /* AccountRegistration.swift in Sources */,
				OBJ_153 /* ApplicableNetwork.swift in Sources */,
				OBJ_154 /* Checkbox.swift in Sources */,
				OBJ_155 /* CustomerFormData.swift in Sources */,
				OBJ_156 /* ErrorInfo.swift in Sources */,
				OBJ_157 /* ExtraElement.swift in Sources */,
				OBJ_158 /* ExtraElements.swift in Sources */,
				OBJ_159 /* FormData.swift in Sources */,
				OBJ_160 /* InputElement.swift in Sources */,
				OBJ_161 /* InstallmentItem.swift in Sources */,
				OBJ_162 /* Installments.swift in Sources */,
				OBJ_163 /* InstallmentsPlan.swift in Sources */,
				OBJ_164 /* Interaction.swift in Sources */,
				OBJ_165 /* ListResult.swift in Sources */,
				OBJ_166 /* Networks.swift in Sources */,
				OBJ_167 /* Parameter.swift in Sources */,
				OBJ_168 /* PaymentAmount.swift in Sources */,
				OBJ_169 /* PresetAccount.swift in Sources */,
				OBJ_170 /* Redirect.swift in Sources */,
				OBJ_171 /* SelectOption.swift in Sources */,
				OBJ_172 /* Style.swift in Sources */,
				OBJ_173 /* HTTPMethod.swift in Sources */,
				OBJ_174 /* AsynchronousOperation.swift in Sources */,
				OBJ_175 /* SendRequestOperation.swift in Sources */,
				OBJ_176 /* Connection.swift in Sources */,
				OBJ_177 /* GetRequest.swift in Sources */,
				OBJ_178 /* Request.swift in Sources */,
				OBJ_179 /* DownloadData.swift in Sources */,
				OBJ_180 /* DownloadLocalization.swift in Sources */,
				OBJ_181 /* GetListResult.swift in Sources */,
				OBJ_182 /* URLSessionConnection.swift in Sources */,
				OBJ_183 /* Error+isRecoverableNetworkError.swift in Sources */,
				OBJ_184 /* mergeClosures.swift in Sources */,
				OBJ_185 /* PaymentListTableController.swift in Sources */,
				OBJ_186 /* PaymentListTableViewCell.swift in Sources */,
				OBJ_187 /* LocalizableError.swift in Sources */,
				OBJ_188 /* PaymentError.swift in Sources */,
				OBJ_189 /* LocalizableInteraction.swift in Sources */,
				OBJ_190 /* PaymentNetwork.swift in Sources */,
				OBJ_191 /* PaymentSession.swift in Sources */,
				OBJ_192 /* DequeueableTableCell.swift in Sources */,
				OBJ_193 /* DataDownloadProvider.swift in Sources */,
				OBJ_194 /* PaymentSessionProvider.swift in Sources */,
				OBJ_195 /* PaymentSessionService.swift in Sources */,
				OBJ_196 /* PaymentListParameters.swift in Sources */,
				OBJ_197 /* PaymentListViewContoller.swift in Sources */,
				OBJ_198 /* PaymentNavigationController.swift in Sources */,
			);
			runOnlyForDeploymentPostprocessing = 0;
		};
		OBJ_203 /* Sources */ = {
			isa = PBXSourcesBuildPhase;
			buildActionMask = 0;
			files = (
				OBJ_204 /* URL+Example.swift in Sources */,
				OBJ_205 /* XCTAttachment+subject.swift in Sources */,
				OBJ_206 /* XCTFail+Error.swift in Sources */,
				OBJ_207 /* LocalizeModelOperationTests.swift in Sources */,
				OBJ_208 /* SharedTranslationProviderTests.swift in Sources */,
				OBJ_209 /* MockFactory.ListResult.swift in Sources */,
				OBJ_210 /* MockFactory.Localization.swift in Sources */,
				OBJ_211 /* MockFactory.swift in Sources */,
				OBJ_212 /* MockConnection.swift in Sources */,
				OBJ_213 /* MockDataSource.swift in Sources */,
				OBJ_214 /* TestError.swift in Sources */,
				OBJ_215 /* NetworkTests.swift in Sources */,
				OBJ_216 /* XCTestManifests.swift in Sources */,
				OBJ_217 /* DataDownloadProviderTests.swift in Sources */,
				OBJ_218 /* PaymentSessionServiceTests.swift in Sources */,
			);
			runOnlyForDeploymentPostprocessing = 0;
		};
/* End PBXSourcesBuildPhase section */

/* Begin PBXTargetDependency section */
		OBJ_122 /* PBXTargetDependency */ = {
			isa = PBXTargetDependency;
			target = "Optile::Payment" /* Payment */;
			targetProxy = D9B338D3237592C500188757 /* PBXContainerItemProxy */;
		};
		OBJ_134 /* PBXTargetDependency */ = {
			isa = PBXTargetDependency;
			target = "Optile::PaymentTests" /* PaymentTests */;
			targetProxy = D9B338D42375930F00188757 /* PBXContainerItemProxy */;
		};
		OBJ_221 /* PBXTargetDependency */ = {
			isa = PBXTargetDependency;
			target = "Optile::Payment" /* Payment */;
			targetProxy = D9B338D223758D7C00188757 /* PBXContainerItemProxy */;
		};
/* End PBXTargetDependency section */

/* Begin XCBuildConfiguration section */
		OBJ_120 /* Debug */ = {
			isa = XCBuildConfiguration;
			buildSettings = {
			};
			name = Debug;
		};
		OBJ_121 /* Release */ = {
			isa = XCBuildConfiguration;
			buildSettings = {
			};
			name = Release;
		};
		OBJ_126 /* Debug */ = {
			isa = XCBuildConfiguration;
			buildSettings = {
				LD = /usr/bin/true;
				OTHER_SWIFT_FLAGS = "-swift-version 5 -I $(TOOLCHAIN_DIR)/usr/lib/swift/pm/4_2 -target x86_64-apple-macosx10.10 -sdk /Applications/Xcode.app/Contents/Developer/Platforms/MacOSX.platform/Developer/SDKs/MacOSX10.15.sdk -package-description-version 5.1";
				SWIFT_VERSION = 5.0;
			};
			name = Debug;
		};
		OBJ_127 /* Release */ = {
			isa = XCBuildConfiguration;
			buildSettings = {
				LD = /usr/bin/true;
				OTHER_SWIFT_FLAGS = "-swift-version 5 -I $(TOOLCHAIN_DIR)/usr/lib/swift/pm/4_2 -target x86_64-apple-macosx10.10 -sdk /Applications/Xcode.app/Contents/Developer/Platforms/MacOSX.platform/Developer/SDKs/MacOSX10.15.sdk -package-description-version 5.1";
				SWIFT_VERSION = 5.0;
			};
			name = Release;
		};
		OBJ_132 /* Debug */ = {
			isa = XCBuildConfiguration;
			buildSettings = {
			};
			name = Debug;
		};
		OBJ_133 /* Release */ = {
			isa = XCBuildConfiguration;
			buildSettings = {
			};
			name = Release;
		};
		OBJ_137 /* Debug */ = {
			isa = XCBuildConfiguration;
			buildSettings = {
				ENABLE_TESTABILITY = YES;
				FRAMEWORK_SEARCH_PATHS = (
					"$(inherited)",
					"$(PLATFORM_DIR)/Developer/Library/Frameworks",
				);
				HEADER_SEARCH_PATHS = "$(inherited)";
				INFOPLIST_FILE = Optile.xcodeproj/Payment_Info.plist;
				IPHONEOS_DEPLOYMENT_TARGET = 10.0;
				LD_RUNPATH_SEARCH_PATHS = "$(inherited) $(TOOLCHAIN_DIR)/usr/lib/swift/macosx";
				MACOSX_DEPLOYMENT_TARGET = 10.10;
				OTHER_CFLAGS = "$(inherited)";
				OTHER_LDFLAGS = "$(inherited)";
				OTHER_SWIFT_FLAGS = "$(inherited)";
				PRODUCT_BUNDLE_IDENTIFIER = Payment;
				PRODUCT_MODULE_NAME = "$(TARGET_NAME:c99extidentifier)";
				PRODUCT_NAME = "$(TARGET_NAME:c99extidentifier)";
				SKIP_INSTALL = YES;
				SWIFT_ACTIVE_COMPILATION_CONDITIONS = "$(inherited)";
				SWIFT_VERSION = 5.0;
				TARGET_NAME = Payment;
				TVOS_DEPLOYMENT_TARGET = 9.0;
				WATCHOS_DEPLOYMENT_TARGET = 2.0;
			};
			name = Debug;
		};
		OBJ_138 /* Release */ = {
			isa = XCBuildConfiguration;
			buildSettings = {
				ENABLE_TESTABILITY = YES;
				FRAMEWORK_SEARCH_PATHS = (
					"$(inherited)",
					"$(PLATFORM_DIR)/Developer/Library/Frameworks",
				);
				HEADER_SEARCH_PATHS = "$(inherited)";
				INFOPLIST_FILE = Optile.xcodeproj/Payment_Info.plist;
				IPHONEOS_DEPLOYMENT_TARGET = 10.0;
				LD_RUNPATH_SEARCH_PATHS = "$(inherited) $(TOOLCHAIN_DIR)/usr/lib/swift/macosx";
				MACOSX_DEPLOYMENT_TARGET = 10.10;
				OTHER_CFLAGS = "$(inherited)";
				OTHER_LDFLAGS = "$(inherited)";
				OTHER_SWIFT_FLAGS = "$(inherited)";
				PRODUCT_BUNDLE_IDENTIFIER = Payment;
				PRODUCT_MODULE_NAME = "$(TARGET_NAME:c99extidentifier)";
				PRODUCT_NAME = "$(TARGET_NAME:c99extidentifier)";
				SKIP_INSTALL = YES;
				SWIFT_ACTIVE_COMPILATION_CONDITIONS = "$(inherited)";
				SWIFT_VERSION = 5.0;
				TARGET_NAME = Payment;
				TVOS_DEPLOYMENT_TARGET = 9.0;
				WATCHOS_DEPLOYMENT_TARGET = 2.0;
			};
			name = Release;
		};
		OBJ_201 /* Debug */ = {
			isa = XCBuildConfiguration;
			buildSettings = {
				CLANG_ENABLE_MODULES = YES;
				EMBEDDED_CONTENT_CONTAINS_SWIFT = YES;
				FRAMEWORK_SEARCH_PATHS = (
					"$(inherited)",
					"$(PLATFORM_DIR)/Developer/Library/Frameworks",
				);
				HEADER_SEARCH_PATHS = "$(inherited)";
				INFOPLIST_FILE = Optile.xcodeproj/PaymentTests_Info.plist;
				IPHONEOS_DEPLOYMENT_TARGET = 10.0;
				LD_RUNPATH_SEARCH_PATHS = "$(inherited) @loader_path/../Frameworks @loader_path/Frameworks";
				MACOSX_DEPLOYMENT_TARGET = 10.10;
				OTHER_CFLAGS = "$(inherited)";
				OTHER_LDFLAGS = "$(inherited)";
				OTHER_SWIFT_FLAGS = "$(inherited)";
				SWIFT_ACTIVE_COMPILATION_CONDITIONS = "$(inherited)";
				SWIFT_VERSION = 5.0;
				TARGET_NAME = PaymentTests;
				TVOS_DEPLOYMENT_TARGET = 9.0;
				WATCHOS_DEPLOYMENT_TARGET = 2.0;
			};
			name = Debug;
		};
		OBJ_202 /* Release */ = {
			isa = XCBuildConfiguration;
			buildSettings = {
				CLANG_ENABLE_MODULES = YES;
				EMBEDDED_CONTENT_CONTAINS_SWIFT = YES;
				FRAMEWORK_SEARCH_PATHS = (
					"$(inherited)",
					"$(PLATFORM_DIR)/Developer/Library/Frameworks",
				);
				HEADER_SEARCH_PATHS = "$(inherited)";
				INFOPLIST_FILE = Optile.xcodeproj/PaymentTests_Info.plist;
				IPHONEOS_DEPLOYMENT_TARGET = 10.0;
				LD_RUNPATH_SEARCH_PATHS = "$(inherited) @loader_path/../Frameworks @loader_path/Frameworks";
				MACOSX_DEPLOYMENT_TARGET = 10.10;
				OTHER_CFLAGS = "$(inherited)";
				OTHER_LDFLAGS = "$(inherited)";
				OTHER_SWIFT_FLAGS = "$(inherited)";
				SWIFT_ACTIVE_COMPILATION_CONDITIONS = "$(inherited)";
				SWIFT_VERSION = 5.0;
				TARGET_NAME = PaymentTests;
				TVOS_DEPLOYMENT_TARGET = 9.0;
				WATCHOS_DEPLOYMENT_TARGET = 2.0;
			};
			name = Release;
		};
		OBJ_3 /* Debug */ = {
			isa = XCBuildConfiguration;
			buildSettings = {
				CLANG_ENABLE_OBJC_ARC = YES;
				COMBINE_HIDPI_IMAGES = YES;
				COPY_PHASE_STRIP = NO;
				DEBUG_INFORMATION_FORMAT = dwarf;
				DYLIB_INSTALL_NAME_BASE = "@rpath";
				ENABLE_NS_ASSERTIONS = YES;
				GCC_OPTIMIZATION_LEVEL = 0;
				GCC_PREPROCESSOR_DEFINITIONS = (
					"$(inherited)",
					"SWIFT_PACKAGE=1",
					"DEBUG=1",
				);
				MACOSX_DEPLOYMENT_TARGET = 10.10;
				ONLY_ACTIVE_ARCH = YES;
				OTHER_SWIFT_FLAGS = "$(inherited) -DXcode";
				PRODUCT_NAME = "$(TARGET_NAME)";
				SDKROOT = macosx;
				SUPPORTED_PLATFORMS = "macosx iphoneos iphonesimulator appletvos appletvsimulator watchos watchsimulator";
				SWIFT_ACTIVE_COMPILATION_CONDITIONS = "$(inherited) SWIFT_PACKAGE DEBUG";
				SWIFT_OPTIMIZATION_LEVEL = "-Onone";
				USE_HEADERMAP = NO;
			};
			name = Debug;
		};
		OBJ_4 /* Release */ = {
			isa = XCBuildConfiguration;
			buildSettings = {
				CLANG_ENABLE_OBJC_ARC = YES;
				COMBINE_HIDPI_IMAGES = YES;
				COPY_PHASE_STRIP = YES;
				DEBUG_INFORMATION_FORMAT = "dwarf-with-dsym";
				DYLIB_INSTALL_NAME_BASE = "@rpath";
				GCC_OPTIMIZATION_LEVEL = s;
				GCC_PREPROCESSOR_DEFINITIONS = (
					"$(inherited)",
					"SWIFT_PACKAGE=1",
				);
				MACOSX_DEPLOYMENT_TARGET = 10.10;
				OTHER_SWIFT_FLAGS = "$(inherited) -DXcode";
				PRODUCT_NAME = "$(TARGET_NAME)";
				SDKROOT = macosx;
				SUPPORTED_PLATFORMS = "macosx iphoneos iphonesimulator appletvos appletvsimulator watchos watchsimulator";
				SWIFT_ACTIVE_COMPILATION_CONDITIONS = "$(inherited) SWIFT_PACKAGE";
				SWIFT_OPTIMIZATION_LEVEL = "-Owholemodule";
				USE_HEADERMAP = NO;
			};
			name = Release;
		};
/* End XCBuildConfiguration section */

/* Begin XCConfigurationList section */
		OBJ_119 /* Build configuration list for PBXAggregateTarget "Optile" */ = {
			isa = XCConfigurationList;
			buildConfigurations = (
				OBJ_120 /* Debug */,
				OBJ_121 /* Release */,
			);
			defaultConfigurationIsVisible = 0;
			defaultConfigurationName = Release;
		};
		OBJ_125 /* Build configuration list for PBXNativeTarget "OptilePackageDescription" */ = {
			isa = XCConfigurationList;
			buildConfigurations = (
				OBJ_126 /* Debug */,
				OBJ_127 /* Release */,
			);
			defaultConfigurationIsVisible = 0;
			defaultConfigurationName = Release;
		};
		OBJ_131 /* Build configuration list for PBXAggregateTarget "OptilePackageTests" */ = {
			isa = XCConfigurationList;
			buildConfigurations = (
				OBJ_132 /* Debug */,
				OBJ_133 /* Release */,
			);
			defaultConfigurationIsVisible = 0;
			defaultConfigurationName = Release;
		};
		OBJ_136 /* Build configuration list for PBXNativeTarget "Payment" */ = {
			isa = XCConfigurationList;
			buildConfigurations = (
				OBJ_137 /* Debug */,
				OBJ_138 /* Release */,
			);
			defaultConfigurationIsVisible = 0;
			defaultConfigurationName = Release;
		};
		OBJ_2 /* Build configuration list for PBXProject "Optile" */ = {
			isa = XCConfigurationList;
			buildConfigurations = (
				OBJ_3 /* Debug */,
				OBJ_4 /* Release */,
			);
			defaultConfigurationIsVisible = 0;
			defaultConfigurationName = Release;
		};
		OBJ_200 /* Build configuration list for PBXNativeTarget "PaymentTests" */ = {
			isa = XCConfigurationList;
			buildConfigurations = (
				OBJ_201 /* Debug */,
				OBJ_202 /* Release */,
			);
			defaultConfigurationIsVisible = 0;
			defaultConfigurationName = Release;
		};
/* End XCConfigurationList section */
	};
	rootObject = OBJ_1 /* Project object */;
}
