PODS:
  - PayoneerCheckout (0.6.0):
    - PayoneerCheckout/Risk (= 0.6.0)
  - PayoneerCheckout/Risk (0.6.0)

DEPENDENCIES:
  - PayoneerCheckout (from `../`)

EXTERNAL SOURCES:
  PayoneerCheckout:
    :path: "../"

SPEC CHECKSUMS:
  PayoneerCheckout: 5a3027ceda6df465357f02d0efb03873b805e367

PODFILE CHECKSUM: 602cfa132a984020aab779dfd263f6446085324f

COCOAPODS: 1.11.2
